{
  "version": 4,
  "terraform_version": "1.0.5",
  "serial": 581,
  "lineage": "9fe04e44-e2f4-d526-5f46-0fe731a81ecf",
  "outputs": {
    "bucket_name": {
      "value": "gpiipr-extract-dev",
      "type": "string"
    }
  },
  "resources": [
    {
      "mode": "data",
      "type": "google_client_config",
      "name": "config-default",
      "provider": "provider[\"registry.terraform.io/hashicorp/google\"].initial",
      "instances": [
        {
          "schema_version": 0,
          "attributes": {
            "access_token": "ya29.a0ARrdaM_mfts0anzABjxebBgzkJPiRADSS6G_rijB3MZwoYgSas1iYNvVbMBLlecaBOTyJ-KjfYKn7Z15JEUuX8miz6CVXSXA8r1CxVehvAJLzFKmGau4amHL9fguYzyOe20J16UJJ6hKQi4J6DSz_RKnZBRt1b4OGjK_5yw",
            "id": "projects//regions//zones/",
            "project": "",
            "region": "",
            "zone": ""
          },
          "sensitive_attributes": []
        }
      ]
    },
    {
      "mode": "managed",
      "type": "google_project_service",
      "name": "enable-project-serviceusage-api-host",
      "provider": "provider[\"registry.terraform.io/hashicorp/google\"]",
      "instances": [
        {
          "schema_version": 0,
          "attributes": {
            "disable_dependent_services": null,
            "disable_on_destroy": false,
            "id": "torbjorn-zetterlund/serviceusage.googleapis.com",
            "project": "torbjorn-zetterlund",
            "service": "serviceusage.googleapis.com",
            "timeouts": null
          },
          "sensitive_attributes": [],
          "private": "eyJlMmJmYjczMC1lY2FhLTExZTYtOGY4OC0zNDM2M2JjN2M0YzAiOnsiY3JlYXRlIjoxMjAwMDAwMDAwMDAwLCJkZWxldGUiOjEyMDAwMDAwMDAwMDAsInJlYWQiOjYwMDAwMDAwMDAwMCwidXBkYXRlIjoxMjAwMDAwMDAwMDAwfX0="
        }
      ]
    },
    {
      "module": "module.artifacts",
      "mode": "data",
      "type": "archive_file",
      "name": "source_ali",
      "provider": "provider[\"registry.terraform.io/hashicorp/archive\"]",
      "instances": [
        {
          "schema_version": 0,
          "attributes": {
            "excludes": [
              "Makefile",
              "__pycache__",
              "build",
              "requirements-dev.txt"
            ],
            "id": "b5a2403d2f20932847b4a11a33ee5c1b1dc1c768",
            "output_base64sha256": "XPvAmRiYQ8XU6z8Q+wh0wllH22gxy6WDNlp84zbO/q0=",
            "output_file_mode": null,
            "output_md5": "f2de525c8ff0f4f97385dd1f381e596e",
            "output_path": "../artifacts/../../gp-techlab-alisearchbot/src/build/gpiipr_ali.zip",
            "output_sha": "b5a2403d2f20932847b4a11a33ee5c1b1dc1c768",
            "output_size": 3432,
            "source": [],
            "source_content": null,
            "source_content_filename": null,
            "source_dir": "../artifacts/../../gp-techlab-alisearchbot/src",
            "source_file": null,
            "type": "zip"
          },
          "sensitive_attributes": []
        }
      ]
    },
    {
      "module": "module.artifacts",
      "mode": "data",
      "type": "archive_file",
      "name": "source_amazon",
      "provider": "provider[\"registry.terraform.io/hashicorp/archive\"]",
      "instances": [
        {
          "schema_version": 0,
          "attributes": {
            "excludes": [
              "Makefile",
              "__pycache__",
              "build",
              "requirements-dev.txt"
            ],
            "id": "b53d4ab4d3366ccad2212370d7ff870918a07222",
            "output_base64sha256": "p88S7n9T90ahLS70NRlHlOjV5eOHKohNt2z/iKCpL6o=",
            "output_file_mode": null,
            "output_md5": "87302b911b665db22ea69886f319663c",
            "output_path": "../artifacts/../../gp-techlab-amazonsearchbot/src/build/gpiipr_amazon.zip",
            "output_sha": "b53d4ab4d3366ccad2212370d7ff870918a07222",
            "output_size": 3308,
            "source": [],
            "source_content": null,
            "source_content_filename": null,
            "source_dir": "../artifacts/../../gp-techlab-amazonsearchbot/src",
            "source_file": null,
            "type": "zip"
          },
          "sensitive_attributes": []
        }
      ]
    },
    {
      "module": "module.artifacts",
      "mode": "data",
      "type": "archive_file",
      "name": "source_bing",
      "provider": "provider[\"registry.terraform.io/hashicorp/archive\"]",
      "instances": [
        {
          "schema_version": 0,
          "attributes": {
            "excludes": [
              "Makefile",
              "__pycache__",
              "build",
              "requirements-dev.txt"
            ],
            "id": "d027c8550611e16b3dfb3b1554e4469e291c36b6",
            "output_base64sha256": "Q9nR64S1TIJTYaE1LYxGlYYw+CgfuWfpgCRCp5g67EA=",
            "output_file_mode": null,
            "output_md5": "e3800df28b4cf15d78380619ef7652a0",
            "output_path": "../artifacts/../../gp-techlab-bingbot/src/build/gpiipr_bingbot.zip",
            "output_sha": "d027c8550611e16b3dfb3b1554e4469e291c36b6",
            "output_size": 2855,
            "source": [],
            "source_content": null,
            "source_content_filename": null,
            "source_dir": "../artifacts/../../gp-techlab-bingbot/src",
            "source_file": null,
            "type": "zip"
          },
          "sensitive_attributes": []
        }
      ]
    },
    {
      "module": "module.artifacts",
      "mode": "data",
      "type": "archive_file",
      "name": "source_cafepress",
      "provider": "provider[\"registry.terraform.io/hashicorp/archive\"]",
      "instances": [
        {
          "schema_version": 0,
          "attributes": {
            "excludes": [
              "Makefile",
              "__pycache__",
              "build",
              "requirements-dev.txt"
            ],
            "id": "efbea7d9132b6026067b8be62e79d1a0bb39ed67",
            "output_base64sha256": "fQks+ngOsVkaryLDVMsaJDCXrKFu+vYoig28ye6AYCM=",
            "output_file_mode": null,
            "output_md5": "54b1607d5639024b7088cb95b4abc476",
            "output_path": "../artifacts/../../gp-techlab-cafepressbot/src/build/gpiipr_cafepress.zip",
            "output_sha": "efbea7d9132b6026067b8be62e79d1a0bb39ed67",
            "output_size": 3010,
            "source": [],
            "source_content": null,
            "source_content_filename": null,
            "source_dir": "../artifacts/../../gp-techlab-cafepressbot/src",
            "source_file": null,
            "type": "zip"
          },
          "sensitive_attributes": []
        }
      ]
    },
    {
      "module": "module.artifacts",
      "mode": "data",
      "type": "archive_file",
      "name": "source_duckduckgo",
      "provider": "provider[\"registry.terraform.io/hashicorp/archive\"]",
      "instances": [
        {
          "schema_version": 0,
          "attributes": {
            "excludes": [
              "Makefile",
              "__pycache__",
              "build",
              "requirements-dev.txt"
            ],
            "id": "a4a5cb303b365ff882b1d323b20baf5f21c3483d",
            "output_base64sha256": "KYlQqOUyjeJUClMBnmtQ2s8Aeehtt0kcd1hupLjf4qI=",
            "output_file_mode": null,
            "output_md5": "6daabed05a1654a5e894192a9e30d636",
            "output_path": "../artifacts/../../gp-techlab-duckduckgobot/src/build/gpiipr_duckduckgo.zip",
            "output_sha": "a4a5cb303b365ff882b1d323b20baf5f21c3483d",
            "output_size": 3334,
            "source": [],
            "source_content": null,
            "source_content_filename": null,
            "source_dir": "../artifacts/../../gp-techlab-duckduckgobot/src",
            "source_file": null,
            "type": "zip"
          },
          "sensitive_attributes": []
        }
      ]
    },
    {
      "module": "module.artifacts",
      "mode": "data",
      "type": "archive_file",
      "name": "source_ebay",
      "provider": "provider[\"registry.terraform.io/hashicorp/archive\"]",
      "instances": [
        {
          "schema_version": 0,
          "attributes": {
            "excludes": [
              "Makefile",
              "__pycache__",
              "build",
              "requirements-dev.txt"
            ],
            "id": "541580b3f37bfa21db0d1234b8dbe748eeb40a1f",
            "output_base64sha256": "oP5Zgfe9Pv7+Q6J3c37DxYDbPl3RK6Q94zUf8tQhw+o=",
            "output_file_mode": null,
            "output_md5": "039215ca8c20fa826130d6b15ae3fb7f",
            "output_path": "../artifacts/../../gp-techlab-ebaysearchbot/src/build/gpiipr_ebay.zip",
            "output_sha": "541580b3f37bfa21db0d1234b8dbe748eeb40a1f",
            "output_size": 2787,
            "source": [],
            "source_content": null,
            "source_content_filename": null,
            "source_dir": "../artifacts/../../gp-techlab-ebaysearchbot/src",
            "source_file": null,
            "type": "zip"
          },
          "sensitive_attributes": []
        }
      ]
    },
    {
      "module": "module.artifacts",
      "mode": "data",
      "type": "archive_file",
      "name": "source_etsy",
      "provider": "provider[\"registry.terraform.io/hashicorp/archive\"]",
      "instances": [
        {
          "schema_version": 0,
          "attributes": {
            "excludes": [
              "Makefile",
              "__pycache__",
              "build",
              "requirements-dev.txt"
            ],
            "id": "72aca5bbcecd432e677f03b75be3220dcfa8129b",
            "output_base64sha256": "G4dDfFxU8i2M3gVEKuYFsXaNnYmgItBkm8MBeQStL5Q=",
            "output_file_mode": null,
            "output_md5": "630f63c79b4f94620c8b8e692ba99317",
            "output_path": "../artifacts/../../gp-techlab-etsysearch/src/build/gpiipr_etsy.zip",
            "output_sha": "72aca5bbcecd432e677f03b75be3220dcfa8129b",
            "output_size": 2849,
            "source": [],
            "source_content": null,
            "source_content_filename": null,
            "source_dir": "../artifacts/../../gp-techlab-etsysearchbot/src",
            "source_file": null,
            "type": "zip"
          },
          "sensitive_attributes": []
        }
      ]
    },
    {
      "module": "module.artifacts",
      "mode": "data",
      "type": "archive_file",
      "name": "source_googlesearch",
      "provider": "provider[\"registry.terraform.io/hashicorp/archive\"]",
      "instances": [
        {
          "schema_version": 0,
          "attributes": {
            "excludes": [
              "Makefile",
              "__pycache__",
              "build",
              "requirements-dev.txt"
            ],
            "id": "dc84a0c94daad688cfc7c824dbe206b584d59731",
            "output_base64sha256": "eXkZ0Pfs132uvRLJ4lEMc0i/qIUdNkS9CDBUqsB9XoM=",
            "output_file_mode": null,
            "output_md5": "b77178b3d56f5d9f8438967b7d5bb9ee",
            "output_path": "../artifacts/../../gp-techlab-googlesearchbot/src/build/gpiipr_googlesearch.zip",
            "output_sha": "dc84a0c94daad688cfc7c824dbe206b584d59731",
            "output_size": 3643,
            "source": [],
            "source_content": null,
            "source_content_filename": null,
            "source_dir": "../artifacts/../../gp-techlab-googlesearchbot/src",
            "source_file": null,
            "type": "zip"
          },
          "sensitive_attributes": []
        }
      ]
    },
    {
      "module": "module.artifacts",
      "mode": "data",
      "type": "archive_file",
      "name": "source_redbubble",
      "provider": "provider[\"registry.terraform.io/hashicorp/archive\"]",
      "instances": [
        {
          "schema_version": 0,
          "attributes": {
            "excludes": [
              "Makefile",
              "__pycache__",
              "build",
              "requirements-dev.txt"
            ],
            "id": "4e9aaf0e1a7aa0150459ed05b1b7016910c3e755",
            "output_base64sha256": "fZorvD3Cig1aVbwJcsvGaeBeEU3anrR/SOtUYNo1ZsE=",
            "output_file_mode": null,
            "output_md5": "8cbb72d9f11e364f80d2442a9431979e",
            "output_path": "../artifacts/../../gp-techlab-redbubblesearchbot/src/build/gpiipr_redbubble.zip",
            "output_sha": "4e9aaf0e1a7aa0150459ed05b1b7016910c3e755",
            "output_size": 2824,
            "source": [],
            "source_content": null,
            "source_content_filename": null,
            "source_dir": "../artifacts/../../gp-techlab-redbubblesearchbot/src",
            "source_file": null,
            "type": "zip"
          },
          "sensitive_attributes": []
        }
      ]
    },
    {
      "module": "module.artifacts",
      "mode": "data",
      "type": "archive_file",
      "name": "source_spreadshirt",
      "provider": "provider[\"registry.terraform.io/hashicorp/archive\"]",
      "instances": [
        {
          "schema_version": 0,
          "attributes": {
            "excludes": [
              "Makefile",
              "__pycache__",
              "build",
              "requirements-dev.txt"
            ],
            "id": "964a666c4101c6d7a79c27b47ba51a920a79fcea",
            "output_base64sha256": "GtxzGK9woUiDsF7+cPxcdtjwRrsGgqk5Wxw0xBnGwIg=",
            "output_file_mode": null,
            "output_md5": "0c7e129041eac09a8db70c8151c3f421",
            "output_path": "../artifacts/../../gp-techlab-spreadshirt/src/build/gpiipr_spreadshirt.zip",
            "output_sha": "964a666c4101c6d7a79c27b47ba51a920a79fcea",
            "output_size": 2928,
            "source": [],
            "source_content": null,
            "source_content_filename": null,
            "source_dir": "../artifacts/../../gp-techlab-spreadshirt/src",
            "source_file": null,
            "type": "zip"
          },
          "sensitive_attributes": []
        }
      ]
    },
    {
      "module": "module.artifacts",
      "mode": "data",
      "type": "archive_file",
      "name": "source_teepublic",
      "provider": "provider[\"registry.terraform.io/hashicorp/archive\"]",
      "instances": [
        {
          "schema_version": 0,
          "attributes": {
            "excludes": [
              "Makefile",
              "__pycache__",
              "build",
              "requirements-dev.txt"
            ],
            "id": "db46eb8baa3b8c8264fa636808d3eb5096af7e23",
            "output_base64sha256": "bikNjs76flwUtye8H/2D8yCoA4acwVxsTncYW693CVU=",
            "output_file_mode": null,
            "output_md5": "e5b9c35be2789003c8f86cb43879d237",
            "output_path": "../artifacts/../../gp-techlab-teepublic/src/build/gpiipr_teepublic.zip",
            "output_sha": "db46eb8baa3b8c8264fa636808d3eb5096af7e23",
            "output_size": 3251,
            "source": [],
            "source_content": null,
            "source_content_filename": null,
            "source_dir": "../artifacts/../../gp-techlab-teepublic/src",
            "source_file": null,
            "type": "zip"
          },
          "sensitive_attributes": []
        }
      ]
    },
    {
      "module": "module.artifacts",
      "mode": "managed",
      "type": "google_storage_bucket",
      "name": "source",
      "provider": "provider[\"registry.terraform.io/hashicorp/google\"]",
      "instances": [
        {
          "schema_version": 0,
          "attributes": {
            "bucket_policy_only": true,
            "cors": [],
            "default_event_based_hold": false,
            "encryption": [],
            "force_destroy": true,
            "id": "torbjorn-zetterlund-gpiipr-source",
            "labels": {
              "app": "gpiipr-source",
              "component": "source"
            },
            "lifecycle_rule": [],
            "location": "US",
            "logging": [],
            "name": "torbjorn-zetterlund-gpiipr-source",
            "project": "torbjorn-zetterlund",
            "requester_pays": false,
            "retention_policy": [],
            "self_link": "https://www.googleapis.com/storage/v1/b/torbjorn-zetterlund-gpiipr-source",
            "storage_class": "STANDARD",
            "uniform_bucket_level_access": true,
            "url": "gs://torbjorn-zetterlund-gpiipr-source",
            "versioning": [],
            "website": []
          },
          "sensitive_attributes": [],
          "private": "bnVsbA=="
        }
      ]
    },
    {
      "module": "module.artifacts",
      "mode": "managed",
      "type": "google_storage_bucket_object",
      "name": "source_ali",
      "provider": "provider[\"registry.terraform.io/hashicorp/google\"]",
      "instances": [
        {
          "schema_version": 0,
          "attributes": {
            "bucket": "torbjorn-zetterlund-gpiipr-source",
            "cache_control": "",
            "content": null,
            "content_disposition": "",
            "content_encoding": "",
            "content_language": "",
            "content_type": "application/zip",
            "crc32c": "m9OL6Q==",
            "detect_md5hash": "8t5SXI/w9Plzhd0fOB5Zbg==",
            "id": "torbjorn-zetterlund-gpiipr-source-gpiipr-testing-f2de525c8ff0f4f97385dd1f381e596e_ali.zip",
            "kms_key_name": "",
            "md5hash": "8t5SXI/w9Plzhd0fOB5Zbg==",
            "media_link": "https://storage.googleapis.com/download/storage/v1/b/torbjorn-zetterlund-gpiipr-source/o/gpiipr-testing-f2de525c8ff0f4f97385dd1f381e596e_ali.zip?generation=1632322019788070\u0026alt=media",
            "metadata": {},
            "name": "gpiipr-testing-f2de525c8ff0f4f97385dd1f381e596e_ali.zip",
            "output_name": "gpiipr-testing-f2de525c8ff0f4f97385dd1f381e596e_ali.zip",
            "self_link": "https://www.googleapis.com/storage/v1/b/torbjorn-zetterlund-gpiipr-source/o/gpiipr-testing-f2de525c8ff0f4f97385dd1f381e596e_ali.zip",
            "source": "../artifacts/../../gp-techlab-alisearchbot/src/build/gpiipr_ali.zip",
            "storage_class": "STANDARD"
          },
          "sensitive_attributes": [],
          "private": "bnVsbA==",
          "dependencies": [
            "module.artifacts.data.archive_file.source_ali",
            "module.artifacts.google_storage_bucket.source"
          ]
        }
      ]
    },
    {
      "module": "module.artifacts",
      "mode": "managed",
      "type": "google_storage_bucket_object",
      "name": "source_amazon",
      "provider": "provider[\"registry.terraform.io/hashicorp/google\"]",
      "instances": [
        {
          "schema_version": 0,
          "attributes": {
            "bucket": "torbjorn-zetterlund-gpiipr-source",
            "cache_control": "",
            "content": null,
            "content_disposition": "",
            "content_encoding": "",
            "content_language": "",
            "content_type": "application/zip",
            "crc32c": "/7DmvA==",
            "detect_md5hash": "hzArkRtmXbIuppiG8xlmPA==",
            "id": "torbjorn-zetterlund-gpiipr-source-gpiipr-testing-87302b911b665db22ea69886f319663c_amazon.zip",
            "kms_key_name": "",
            "md5hash": "hzArkRtmXbIuppiG8xlmPA==",
            "media_link": "https://storage.googleapis.com/download/storage/v1/b/torbjorn-zetterlund-gpiipr-source/o/gpiipr-testing-87302b911b665db22ea69886f319663c_amazon.zip?generation=1632322019192417\u0026alt=media",
            "metadata": {},
            "name": "gpiipr-testing-87302b911b665db22ea69886f319663c_amazon.zip",
            "output_name": "gpiipr-testing-87302b911b665db22ea69886f319663c_amazon.zip",
            "self_link": "https://www.googleapis.com/storage/v1/b/torbjorn-zetterlund-gpiipr-source/o/gpiipr-testing-87302b911b665db22ea69886f319663c_amazon.zip",
            "source": "../artifacts/../../gp-techlab-amazonsearchbot/src/build/gpiipr_amazon.zip",
            "storage_class": "STANDARD"
          },
          "sensitive_attributes": [],
          "private": "bnVsbA==",
          "dependencies": [
            "module.artifacts.data.archive_file.source_amazon",
            "module.artifacts.google_storage_bucket.source"
          ]
        }
      ]
    },
    {
      "module": "module.artifacts",
      "mode": "managed",
      "type": "google_storage_bucket_object",
      "name": "source_bing",
      "provider": "provider[\"registry.terraform.io/hashicorp/google\"]",
      "instances": [
        {
          "schema_version": 0,
          "attributes": {
            "bucket": "torbjorn-zetterlund-gpiipr-source",
            "cache_control": "",
            "content": null,
            "content_disposition": "",
            "content_encoding": "",
            "content_language": "",
            "content_type": "application/zip",
            "crc32c": "rrvtrw==",
            "detect_md5hash": "44AN8otM8V14OAYZ73ZSoA==",
            "id": "torbjorn-zetterlund-gpiipr-source-gpiipr-testing-e3800df28b4cf15d78380619ef7652a0_bing.zip",
            "kms_key_name": "",
            "md5hash": "44AN8otM8V14OAYZ73ZSoA==",
            "media_link": "https://storage.googleapis.com/download/storage/v1/b/torbjorn-zetterlund-gpiipr-source/o/gpiipr-testing-e3800df28b4cf15d78380619ef7652a0_bing.zip?generation=1632322019089149\u0026alt=media",
            "metadata": {},
            "name": "gpiipr-testing-e3800df28b4cf15d78380619ef7652a0_bing.zip",
            "output_name": "gpiipr-testing-e3800df28b4cf15d78380619ef7652a0_bing.zip",
            "self_link": "https://www.googleapis.com/storage/v1/b/torbjorn-zetterlund-gpiipr-source/o/gpiipr-testing-e3800df28b4cf15d78380619ef7652a0_bing.zip",
            "source": "../artifacts/../../gp-techlab-bingbot/src/build/gpiipr_bingbot.zip",
            "storage_class": "STANDARD"
          },
          "sensitive_attributes": [],
          "private": "bnVsbA==",
          "dependencies": [
            "module.artifacts.data.archive_file.source_bing",
            "module.artifacts.google_storage_bucket.source"
          ]
        }
      ]
    },
    {
      "module": "module.artifacts",
      "mode": "managed",
      "type": "google_storage_bucket_object",
      "name": "source_cafepress",
      "provider": "provider[\"registry.terraform.io/hashicorp/google\"]",
      "instances": [
        {
          "schema_version": 0,
          "attributes": {
            "bucket": "torbjorn-zetterlund-gpiipr-source",
            "cache_control": "",
            "content": null,
            "content_disposition": "",
            "content_encoding": "",
            "content_language": "",
            "content_type": "application/zip",
            "crc32c": "n36IKg==",
            "detect_md5hash": "VLFgfVY5AktwiMuVtKvEdg==",
            "id": "torbjorn-zetterlund-gpiipr-source-gpiipr-testing-54b1607d5639024b7088cb95b4abc476_cafepress.zip",
            "kms_key_name": "",
            "md5hash": "VLFgfVY5AktwiMuVtKvEdg==",
            "media_link": "https://storage.googleapis.com/download/storage/v1/b/torbjorn-zetterlund-gpiipr-source/o/gpiipr-testing-54b1607d5639024b7088cb95b4abc476_cafepress.zip?generation=1632322019790379\u0026alt=media",
            "metadata": {},
            "name": "gpiipr-testing-54b1607d5639024b7088cb95b4abc476_cafepress.zip",
            "output_name": "gpiipr-testing-54b1607d5639024b7088cb95b4abc476_cafepress.zip",
            "self_link": "https://www.googleapis.com/storage/v1/b/torbjorn-zetterlund-gpiipr-source/o/gpiipr-testing-54b1607d5639024b7088cb95b4abc476_cafepress.zip",
            "source": "../artifacts/../../gp-techlab-cafepressbot/src/build/gpiipr_cafepress.zip",
            "storage_class": "STANDARD"
          },
          "sensitive_attributes": [],
          "private": "bnVsbA==",
          "dependencies": [
            "module.artifacts.data.archive_file.source_cafepress",
            "module.artifacts.google_storage_bucket.source"
          ]
        }
      ]
    },
    {
      "module": "module.artifacts",
      "mode": "managed",
      "type": "google_storage_bucket_object",
      "name": "source_duckduckgo",
      "provider": "provider[\"registry.terraform.io/hashicorp/google\"]",
      "instances": [
        {
          "schema_version": 0,
          "attributes": {
            "bucket": "torbjorn-zetterlund-gpiipr-source",
            "cache_control": "",
            "content": null,
            "content_disposition": "",
            "content_encoding": "",
            "content_language": "",
            "content_type": "application/zip",
            "crc32c": "iM9NrQ==",
            "detect_md5hash": "baq+0FoWVKXolBkqnjDWNg==",
            "id": "torbjorn-zetterlund-gpiipr-source-gpiipr-testing-6daabed05a1654a5e894192a9e30d636_duckduckgo.zip",
            "kms_key_name": "",
            "md5hash": "baq+0FoWVKXolBkqnjDWNg==",
            "media_link": "https://storage.googleapis.com/download/storage/v1/b/torbjorn-zetterlund-gpiipr-source/o/gpiipr-testing-6daabed05a1654a5e894192a9e30d636_duckduckgo.zip?generation=1632322019189760\u0026alt=media",
            "metadata": {},
            "name": "gpiipr-testing-6daabed05a1654a5e894192a9e30d636_duckduckgo.zip",
            "output_name": "gpiipr-testing-6daabed05a1654a5e894192a9e30d636_duckduckgo.zip",
            "self_link": "https://www.googleapis.com/storage/v1/b/torbjorn-zetterlund-gpiipr-source/o/gpiipr-testing-6daabed05a1654a5e894192a9e30d636_duckduckgo.zip",
            "source": "../artifacts/../../gp-techlab-duckduckgobot/src/build/gpiipr_duckduckgo.zip",
            "storage_class": "STANDARD"
          },
          "sensitive_attributes": [],
          "private": "bnVsbA==",
          "dependencies": [
            "module.artifacts.data.archive_file.source_duckduckgo",
            "module.artifacts.google_storage_bucket.source"
          ]
        }
      ]
    },
    {
      "module": "module.artifacts",
      "mode": "managed",
      "type": "google_storage_bucket_object",
      "name": "source_ebay",
      "provider": "provider[\"registry.terraform.io/hashicorp/google\"]",
      "instances": [
        {
          "schema_version": 0,
          "attributes": {
            "bucket": "torbjorn-zetterlund-gpiipr-source",
            "cache_control": "",
            "content": null,
            "content_disposition": "",
            "content_encoding": "",
            "content_language": "",
            "content_type": "application/zip",
            "crc32c": "peWsKg==",
            "detect_md5hash": "A5IVyowg+oJhMNaxWuP7fw==",
            "id": "torbjorn-zetterlund-gpiipr-source-gpiipr-testing-039215ca8c20fa826130d6b15ae3fb7f_ebay.zip",
            "kms_key_name": "",
            "md5hash": "A5IVyowg+oJhMNaxWuP7fw==",
            "media_link": "https://storage.googleapis.com/download/storage/v1/b/torbjorn-zetterlund-gpiipr-source/o/gpiipr-testing-039215ca8c20fa826130d6b15ae3fb7f_ebay.zip?generation=1632322019192317\u0026alt=media",
            "metadata": {},
            "name": "gpiipr-testing-039215ca8c20fa826130d6b15ae3fb7f_ebay.zip",
            "output_name": "gpiipr-testing-039215ca8c20fa826130d6b15ae3fb7f_ebay.zip",
            "self_link": "https://www.googleapis.com/storage/v1/b/torbjorn-zetterlund-gpiipr-source/o/gpiipr-testing-039215ca8c20fa826130d6b15ae3fb7f_ebay.zip",
            "source": "../artifacts/../../gp-techlab-ebaysearchbot/src/build/gpiipr_ebay.zip",
            "storage_class": "STANDARD"
          },
          "sensitive_attributes": [],
          "private": "bnVsbA==",
          "dependencies": [
            "module.artifacts.data.archive_file.source_ebay",
            "module.artifacts.google_storage_bucket.source"
          ]
        }
      ]
    },
    {
      "module": "module.artifacts",
      "mode": "managed",
      "type": "google_storage_bucket_object",
      "name": "source_etsy",
      "provider": "provider[\"registry.terraform.io/hashicorp/google\"]",
      "instances": [
        {
          "schema_version": 0,
          "attributes": {
            "bucket": "torbjorn-zetterlund-gpiipr-source",
            "cache_control": "",
            "content": null,
            "content_disposition": "",
            "content_encoding": "",
            "content_language": "",
            "content_type": "application/zip",
            "crc32c": "BWCZEQ==",
            "detect_md5hash": "Yw9jx5tPlGIMi45pK6mTFw==",
            "id": "torbjorn-zetterlund-gpiipr-source-gpiipr-testing-630f63c79b4f94620c8b8e692ba99317_etsy.zip",
            "kms_key_name": "",
            "md5hash": "Yw9jx5tPlGIMi45pK6mTFw==",
            "media_link": "https://storage.googleapis.com/download/storage/v1/b/torbjorn-zetterlund-gpiipr-source/o/gpiipr-testing-630f63c79b4f94620c8b8e692ba99317_etsy.zip?generation=1632322019132747\u0026alt=media",
            "metadata": {},
            "name": "gpiipr-testing-630f63c79b4f94620c8b8e692ba99317_etsy.zip",
            "output_name": "gpiipr-testing-630f63c79b4f94620c8b8e692ba99317_etsy.zip",
            "self_link": "https://www.googleapis.com/storage/v1/b/torbjorn-zetterlund-gpiipr-source/o/gpiipr-testing-630f63c79b4f94620c8b8e692ba99317_etsy.zip",
            "source": "../artifacts/../../gp-techlab-etsysearch/src/build/gpiipr_etsy.zip",
            "storage_class": "STANDARD"
          },
          "sensitive_attributes": [],
          "private": "bnVsbA==",
          "dependencies": [
            "module.artifacts.data.archive_file.source_etsy",
            "module.artifacts.google_storage_bucket.source"
          ]
        }
      ]
    },
    {
      "module": "module.artifacts",
      "mode": "managed",
      "type": "google_storage_bucket_object",
      "name": "source_googlesearch",
      "provider": "provider[\"registry.terraform.io/hashicorp/google\"]",
      "instances": [
        {
          "schema_version": 0,
          "attributes": {
            "bucket": "torbjorn-zetterlund-gpiipr-source",
            "cache_control": "",
            "content": null,
            "content_disposition": "",
            "content_encoding": "",
            "content_language": "",
            "content_type": "application/zip",
            "crc32c": "ibkQSQ==",
            "detect_md5hash": "t3F4s9VvXZ+EOJZ7fVu57g==",
            "id": "torbjorn-zetterlund-gpiipr-source-gpiipr-testing-b77178b3d56f5d9f8438967b7d5bb9ee_googlesearch.zip",
            "kms_key_name": "",
            "md5hash": "t3F4s9VvXZ+EOJZ7fVu57g==",
            "media_link": "https://storage.googleapis.com/download/storage/v1/b/torbjorn-zetterlund-gpiipr-source/o/gpiipr-testing-b77178b3d56f5d9f8438967b7d5bb9ee_googlesearch.zip?generation=1632322019082782\u0026alt=media",
            "metadata": {},
            "name": "gpiipr-testing-b77178b3d56f5d9f8438967b7d5bb9ee_googlesearch.zip",
            "output_name": "gpiipr-testing-b77178b3d56f5d9f8438967b7d5bb9ee_googlesearch.zip",
            "self_link": "https://www.googleapis.com/storage/v1/b/torbjorn-zetterlund-gpiipr-source/o/gpiipr-testing-b77178b3d56f5d9f8438967b7d5bb9ee_googlesearch.zip",
            "source": "../artifacts/../../gp-techlab-googlesearchbot/src/build/gpiipr_googlesearch.zip",
            "storage_class": "STANDARD"
          },
          "sensitive_attributes": [],
          "private": "bnVsbA==",
          "dependencies": [
            "module.artifacts.data.archive_file.source_googlesearch",
            "module.artifacts.google_storage_bucket.source"
          ]
        }
      ]
    },
    {
      "module": "module.artifacts",
      "mode": "managed",
      "type": "google_storage_bucket_object",
      "name": "source_redbubble",
      "provider": "provider[\"registry.terraform.io/hashicorp/google\"]",
      "instances": [
        {
          "schema_version": 0,
          "attributes": {
            "bucket": "torbjorn-zetterlund-gpiipr-source",
            "cache_control": "",
            "content": null,
            "content_disposition": "",
            "content_encoding": "",
            "content_language": "",
            "content_type": "application/zip",
            "crc32c": "5nOj3g==",
            "detect_md5hash": "jLty2fEeNk+A0kQqlDGXng==",
            "id": "torbjorn-zetterlund-gpiipr-source-gpiipr-testing-8cbb72d9f11e364f80d2442a9431979e_redbubble.zip",
            "kms_key_name": "",
            "md5hash": "jLty2fEeNk+A0kQqlDGXng==",
            "media_link": "https://storage.googleapis.com/download/storage/v1/b/torbjorn-zetterlund-gpiipr-source/o/gpiipr-testing-8cbb72d9f11e364f80d2442a9431979e_redbubble.zip?generation=1632322019194400\u0026alt=media",
            "metadata": {},
            "name": "gpiipr-testing-8cbb72d9f11e364f80d2442a9431979e_redbubble.zip",
            "output_name": "gpiipr-testing-8cbb72d9f11e364f80d2442a9431979e_redbubble.zip",
            "self_link": "https://www.googleapis.com/storage/v1/b/torbjorn-zetterlund-gpiipr-source/o/gpiipr-testing-8cbb72d9f11e364f80d2442a9431979e_redbubble.zip",
            "source": "../artifacts/../../gp-techlab-redbubblesearchbot/src/build/gpiipr_redbubble.zip",
            "storage_class": "STANDARD"
          },
          "sensitive_attributes": [],
          "private": "bnVsbA==",
          "dependencies": [
            "module.artifacts.data.archive_file.source_redbubble",
            "module.artifacts.google_storage_bucket.source"
          ]
        }
      ]
    },
    {
      "module": "module.artifacts",
      "mode": "managed",
      "type": "google_storage_bucket_object",
      "name": "source_spreadshirt",
      "provider": "provider[\"registry.terraform.io/hashicorp/google\"]",
      "instances": [
        {
          "schema_version": 0,
          "attributes": {
            "bucket": "torbjorn-zetterlund-gpiipr-source",
            "cache_control": "",
            "content": null,
            "content_disposition": "",
            "content_encoding": "",
            "content_language": "",
            "content_type": "application/zip",
            "crc32c": "B7paaw==",
            "detect_md5hash": "DH4SkEHqwJqNtwyBUcP0IQ==",
            "id": "torbjorn-zetterlund-gpiipr-source-gpiipr-testing-0c7e129041eac09a8db70c8151c3f421_spreadshit.zip",
            "kms_key_name": "",
            "md5hash": "DH4SkEHqwJqNtwyBUcP0IQ==",
            "media_link": "https://storage.googleapis.com/download/storage/v1/b/torbjorn-zetterlund-gpiipr-source/o/gpiipr-testing-0c7e129041eac09a8db70c8151c3f421_spreadshit.zip?generation=1632322019230472\u0026alt=media",
            "metadata": {},
            "name": "gpiipr-testing-0c7e129041eac09a8db70c8151c3f421_spreadshit.zip",
            "output_name": "gpiipr-testing-0c7e129041eac09a8db70c8151c3f421_spreadshit.zip",
            "self_link": "https://www.googleapis.com/storage/v1/b/torbjorn-zetterlund-gpiipr-source/o/gpiipr-testing-0c7e129041eac09a8db70c8151c3f421_spreadshit.zip",
            "source": "../artifacts/../../gp-techlab-spreadshirt/src/build/gpiipr_spreadshirt.zip",
            "storage_class": "STANDARD"
          },
          "sensitive_attributes": [],
          "private": "bnVsbA==",
          "dependencies": [
            "module.artifacts.data.archive_file.source_spreadshirt",
            "module.artifacts.google_storage_bucket.source"
          ]
        }
      ]
    },
    {
      "module": "module.artifacts",
      "mode": "managed",
      "type": "google_storage_bucket_object",
      "name": "source_teepublic",
      "provider": "provider[\"registry.terraform.io/hashicorp/google\"]",
      "instances": [
        {
          "schema_version": 0,
          "attributes": {
            "bucket": "torbjorn-zetterlund-gpiipr-source",
            "cache_control": "",
            "content": null,
            "content_disposition": "",
            "content_encoding": "",
            "content_language": "",
            "content_type": "application/zip",
            "crc32c": "w2X7ww==",
            "detect_md5hash": "5bnDW+J4kAPI+Gy0OHnSNw==",
            "id": "torbjorn-zetterlund-gpiipr-source-gpiipr-testing-e5b9c35be2789003c8f86cb43879d237_teepublic.zip",
            "kms_key_name": "",
            "md5hash": "5bnDW+J4kAPI+Gy0OHnSNw==",
            "media_link": "https://storage.googleapis.com/download/storage/v1/b/torbjorn-zetterlund-gpiipr-source/o/gpiipr-testing-e5b9c35be2789003c8f86cb43879d237_teepublic.zip?generation=1632322019514469\u0026alt=media",
            "metadata": {},
            "name": "gpiipr-testing-e5b9c35be2789003c8f86cb43879d237_teepublic.zip",
            "output_name": "gpiipr-testing-e5b9c35be2789003c8f86cb43879d237_teepublic.zip",
            "self_link": "https://www.googleapis.com/storage/v1/b/torbjorn-zetterlund-gpiipr-source/o/gpiipr-testing-e5b9c35be2789003c8f86cb43879d237_teepublic.zip",
            "source": "../artifacts/../../gp-techlab-teepublic/src/build/gpiipr_teepublic.zip",
            "storage_class": "STANDARD"
          },
          "sensitive_attributes": [],
          "private": "bnVsbA==",
          "dependencies": [
            "module.artifacts.data.archive_file.source_teepublic",
            "module.artifacts.google_storage_bucket.source"
          ]
        }
      ]
    },
    {
      "module": "module.example",
      "mode": "managed",
      "type": "google_cloud_scheduler_job",
      "name": "ali",
      "provider": "module.example.provider[\"registry.terraform.io/hashicorp/google\"]",
      "instances": []
    },
    {
      "module": "module.example",
      "mode": "managed",
      "type": "google_cloud_scheduler_job",
      "name": "amazon",
      "provider": "module.example.provider[\"registry.terraform.io/hashicorp/google\"]",
      "instances": []
    },
    {
      "module": "module.example",
      "mode": "managed",
      "type": "google_cloud_scheduler_job",
      "name": "bing",
      "provider": "module.example.provider[\"registry.terraform.io/hashicorp/google\"]",
      "instances": []
    },
    {
      "module": "module.example",
      "mode": "managed",
      "type": "google_cloud_scheduler_job",
      "name": "cafepress",
      "provider": "module.example.provider[\"registry.terraform.io/hashicorp/google\"]",
      "instances": []
    },
    {
      "module": "module.example",
      "mode": "managed",
      "type": "google_cloud_scheduler_job",
      "name": "duckduckgo",
      "provider": "module.example.provider[\"registry.terraform.io/hashicorp/google\"]",
      "instances": []
    },
    {
      "module": "module.example",
      "mode": "managed",
      "type": "google_cloud_scheduler_job",
      "name": "ebay",
      "provider": "module.example.provider[\"registry.terraform.io/hashicorp/google\"]",
      "instances": []
    },
    {
      "module": "module.example",
      "mode": "managed",
      "type": "google_cloud_scheduler_job",
      "name": "etsy",
      "provider": "module.example.provider[\"registry.terraform.io/hashicorp/google\"]",
      "instances": []
    },
    {
      "module": "module.example",
      "mode": "managed",
      "type": "google_cloud_scheduler_job",
      "name": "googlesearch",
      "provider": "module.example.provider[\"registry.terraform.io/hashicorp/google\"]",
      "instances": []
    },
    {
      "module": "module.example",
      "mode": "managed",
      "type": "google_cloud_scheduler_job",
      "name": "redbubble",
      "provider": "module.example.provider[\"registry.terraform.io/hashicorp/google\"]",
      "instances": []
    },
    {
      "module": "module.example",
      "mode": "managed",
      "type": "google_cloud_scheduler_job",
      "name": "spreadshirt",
      "provider": "module.example.provider[\"registry.terraform.io/hashicorp/google\"]",
      "instances": []
    },
    {
      "module": "module.example",
      "mode": "managed",
      "type": "google_cloud_scheduler_job",
      "name": "teepublic",
      "provider": "module.example.provider[\"registry.terraform.io/hashicorp/google\"]",
      "instances": []
    },
    {
      "module": "module.example",
      "mode": "managed",
      "type": "google_cloudfunctions_function",
      "name": "ali",
      "provider": "module.example.provider[\"registry.terraform.io/hashicorp/google\"]",
      "instances": [
        {
          "status": "tainted",
          "schema_version": 0,
          "attributes": {
            "available_memory_mb": 1024,
            "build_environment_variables": null,
            "description": null,
            "entry_point": "main",
            "environment_variables": {
              "ENTITY": "extract",
              "ENVIRONMENT": "dev",
              "PROJECT": "torbjorn-zetterlund"
            },
            "event_trigger": null,
            "https_trigger_url": null,
            "id": "projects/torbjorn-zetterlund/locations/us-central1/functions/gpiipr_extract_dev_ali",
            "ingress_settings": "ALLOW_ALL",
            "labels": null,
            "max_instances": 0,
            "name": "gpiipr_extract_dev_ali",
            "project": "torbjorn-zetterlund",
            "region": "us-central1",
            "runtime": "python37",
            "service_account_email": "gpiipr-extract-dev@torbjorn-zetterlund.iam.gserviceaccount.com",
            "source_archive_bucket": "torbjorn-zetterlund-gpiipr-source",
            "source_archive_object": "gpiipr-testing-f2de525c8ff0f4f97385dd1f381e596e_ali.zip",
            "source_repository": [],
            "timeout": 540,
            "timeouts": null,
            "trigger_http": true,
            "vpc_connector": null,
            "vpc_connector_egress_settings": null
          },
          "sensitive_attributes": [],
          "private": "eyJlMmJmYjczMC1lY2FhLTExZTYtOGY4OC0zNDM2M2JjN2M0YzAiOnsiY3JlYXRlIjozMDAwMDAwMDAwMDAsImRlbGV0ZSI6MzAwMDAwMDAwMDAwLCJyZWFkIjozMDAwMDAwMDAwMDAsInVwZGF0ZSI6MzAwMDAwMDAwMDAwfX0=",
          "dependencies": [
            "module.artifacts.google_storage_bucket.source",
            "module.artifacts.google_storage_bucket_object.source_ali",
            "module.example.google_service_account.function"
          ]
        }
      ]
    },
    {
      "module": "module.example",
      "mode": "managed",
      "type": "google_cloudfunctions_function",
      "name": "amazon",
      "provider": "module.example.provider[\"registry.terraform.io/hashicorp/google\"]",
      "instances": [
        {
          "status": "tainted",
          "schema_version": 0,
          "attributes": {
            "available_memory_mb": 1024,
            "build_environment_variables": null,
            "description": "",
            "entry_point": "main",
            "environment_variables": {
              "ENTITY": "extract",
              "ENVIRONMENT": "dev",
              "PROJECT": "torbjorn-zetterlund"
            },
            "event_trigger": [],
            "https_trigger_url": "https://us-central1-torbjorn-zetterlund.cloudfunctions.net/gpiipr_extract_dev_amazon",
            "id": "projects/torbjorn-zetterlund/locations/us-central1/functions/gpiipr_extract_dev_amazon",
            "ingress_settings": "ALLOW_ALL",
            "labels": {},
            "max_instances": 0,
            "name": "gpiipr_extract_dev_amazon",
            "project": "torbjorn-zetterlund",
            "region": "us-central1",
            "runtime": "python37",
            "service_account_email": "gpiipr-extract-dev@torbjorn-zetterlund.iam.gserviceaccount.com",
            "source_archive_bucket": "torbjorn-zetterlund-gpiipr-source",
            "source_archive_object": "gpiipr-testing-87302b911b665db22ea69886f319663c_amazon.zip",
            "source_repository": [],
            "timeout": 540,
            "timeouts": null,
            "trigger_http": true,
            "vpc_connector": "",
            "vpc_connector_egress_settings": ""
          },
          "sensitive_attributes": [],
          "private": "eyJlMmJmYjczMC1lY2FhLTExZTYtOGY4OC0zNDM2M2JjN2M0YzAiOnsiY3JlYXRlIjozMDAwMDAwMDAwMDAsImRlbGV0ZSI6MzAwMDAwMDAwMDAwLCJyZWFkIjozMDAwMDAwMDAwMDAsInVwZGF0ZSI6MzAwMDAwMDAwMDAwfX0=",
          "dependencies": [
            "module.artifacts.data.archive_file.source_amazon",
            "module.artifacts.google_storage_bucket.source",
            "module.artifacts.google_storage_bucket_object.source_amazon",
            "module.example.google_service_account.function"
          ]
        }
      ]
    },
    {
      "module": "module.example",
      "mode": "managed",
      "type": "google_cloudfunctions_function",
      "name": "bing",
      "provider": "module.example.provider[\"registry.terraform.io/hashicorp/google\"]",
      "instances": [
        {
          "status": "tainted",
          "schema_version": 0,
          "attributes": {
            "available_memory_mb": 1024,
            "build_environment_variables": null,
            "description": null,
            "entry_point": "main",
            "environment_variables": {
              "ENTITY": "extract",
              "ENVIRONMENT": "dev",
              "PROJECT": "torbjorn-zetterlund"
            },
            "event_trigger": null,
            "https_trigger_url": null,
            "id": "projects/torbjorn-zetterlund/locations/us-central1/functions/gpiipr_extract_dev_bing",
            "ingress_settings": "ALLOW_ALL",
            "labels": null,
            "max_instances": 0,
            "name": "gpiipr_extract_dev_bing",
            "project": "torbjorn-zetterlund",
            "region": "us-central1",
            "runtime": "python37",
            "service_account_email": "gpiipr-extract-dev@torbjorn-zetterlund.iam.gserviceaccount.com",
            "source_archive_bucket": "torbjorn-zetterlund-gpiipr-source",
            "source_archive_object": "gpiipr-testing-e3800df28b4cf15d78380619ef7652a0_bing.zip",
            "source_repository": [],
            "timeout": 540,
            "timeouts": null,
            "trigger_http": true,
            "vpc_connector": null,
            "vpc_connector_egress_settings": null
          },
          "sensitive_attributes": [],
          "private": "eyJlMmJmYjczMC1lY2FhLTExZTYtOGY4OC0zNDM2M2JjN2M0YzAiOnsiY3JlYXRlIjozMDAwMDAwMDAwMDAsImRlbGV0ZSI6MzAwMDAwMDAwMDAwLCJyZWFkIjozMDAwMDAwMDAwMDAsInVwZGF0ZSI6MzAwMDAwMDAwMDAwfX0=",
          "dependencies": [
            "module.artifacts.google_storage_bucket.source",
            "module.artifacts.google_storage_bucket_object.source_bing",
            "module.example.google_service_account.function"
          ]
        }
      ]
    },
    {
      "module": "module.example",
      "mode": "managed",
      "type": "google_cloudfunctions_function",
      "name": "cafepress",
      "provider": "module.example.provider[\"registry.terraform.io/hashicorp/google\"]",
      "instances": [
        {
          "status": "tainted",
          "schema_version": 0,
          "attributes": {
            "available_memory_mb": 1024,
            "build_environment_variables": null,
            "description": "",
            "entry_point": "main",
            "environment_variables": {
              "ENTITY": "extract",
              "ENVIRONMENT": "dev",
              "PROJECT": "torbjorn-zetterlund"
            },
            "event_trigger": [],
            "https_trigger_url": "https://us-central1-torbjorn-zetterlund.cloudfunctions.net/gpiipr_extract_dev_cafepress",
            "id": "projects/torbjorn-zetterlund/locations/us-central1/functions/gpiipr_extract_dev_cafepress",
            "ingress_settings": "ALLOW_ALL",
            "labels": {},
            "max_instances": 0,
            "name": "gpiipr_extract_dev_cafepress",
            "project": "torbjorn-zetterlund",
            "region": "us-central1",
            "runtime": "python37",
            "service_account_email": "gpiipr-extract-dev@torbjorn-zetterlund.iam.gserviceaccount.com",
            "source_archive_bucket": "torbjorn-zetterlund-gpiipr-source",
            "source_archive_object": "gpiipr-testing-54b1607d5639024b7088cb95b4abc476_cafepress.zip",
            "source_repository": [],
            "timeout": 540,
            "timeouts": null,
            "trigger_http": true,
            "vpc_connector": "",
            "vpc_connector_egress_settings": ""
          },
          "sensitive_attributes": [],
          "private": "eyJlMmJmYjczMC1lY2FhLTExZTYtOGY4OC0zNDM2M2JjN2M0YzAiOnsiY3JlYXRlIjozMDAwMDAwMDAwMDAsImRlbGV0ZSI6MzAwMDAwMDAwMDAwLCJyZWFkIjozMDAwMDAwMDAwMDAsInVwZGF0ZSI6MzAwMDAwMDAwMDAwfX0=",
          "dependencies": [
            "module.artifacts.data.archive_file.source_cafepress",
            "module.artifacts.google_storage_bucket.source",
            "module.artifacts.google_storage_bucket_object.source_cafepress",
            "module.example.google_service_account.function"
          ]
        }
      ]
    },
    {
      "module": "module.example",
      "mode": "managed",
      "type": "google_cloudfunctions_function",
      "name": "duckduckgo",
      "provider": "module.example.provider[\"registry.terraform.io/hashicorp/google\"]",
      "instances": [
        {
          "status": "tainted",
          "schema_version": 0,
          "attributes": {
            "available_memory_mb": 1024,
            "build_environment_variables": null,
            "description": null,
            "entry_point": "main",
            "environment_variables": {
              "ENTITY": "extract",
              "ENVIRONMENT": "dev",
              "PROJECT": "torbjorn-zetterlund"
            },
            "event_trigger": null,
            "https_trigger_url": null,
            "id": "projects/torbjorn-zetterlund/locations/us-central1/functions/gpiipr_extract_dev_duckduckgo",
            "ingress_settings": "ALLOW_ALL",
            "labels": null,
            "max_instances": 0,
            "name": "gpiipr_extract_dev_duckduckgo",
            "project": "torbjorn-zetterlund",
            "region": "us-central1",
            "runtime": "python37",
            "service_account_email": "gpiipr-extract-dev@torbjorn-zetterlund.iam.gserviceaccount.com",
            "source_archive_bucket": "torbjorn-zetterlund-gpiipr-source",
            "source_archive_object": "gpiipr-testing-6daabed05a1654a5e894192a9e30d636_duckduckgo.zip",
            "source_repository": [],
            "timeout": 540,
            "timeouts": null,
            "trigger_http": true,
            "vpc_connector": null,
            "vpc_connector_egress_settings": null
          },
          "sensitive_attributes": [],
          "private": "eyJlMmJmYjczMC1lY2FhLTExZTYtOGY4OC0zNDM2M2JjN2M0YzAiOnsiY3JlYXRlIjozMDAwMDAwMDAwMDAsImRlbGV0ZSI6MzAwMDAwMDAwMDAwLCJyZWFkIjozMDAwMDAwMDAwMDAsInVwZGF0ZSI6MzAwMDAwMDAwMDAwfX0=",
          "dependencies": [
            "module.artifacts.google_storage_bucket.source",
            "module.artifacts.google_storage_bucket_object.source_duckduckgo",
            "module.example.google_service_account.function"
          ]
        }
      ]
    },
    {
      "module": "module.example",
      "mode": "managed",
      "type": "google_cloudfunctions_function",
      "name": "ebay",
      "provider": "module.example.provider[\"registry.terraform.io/hashicorp/google\"]",
      "instances": [
        {
          "status": "tainted",
          "schema_version": 0,
          "attributes": {
            "available_memory_mb": 1024,
            "build_environment_variables": null,
            "description": null,
            "entry_point": "main",
            "environment_variables": {
              "ENTITY": "extract",
              "ENVIRONMENT": "dev",
              "PROJECT": "torbjorn-zetterlund"
            },
            "event_trigger": null,
            "https_trigger_url": null,
            "id": "projects/torbjorn-zetterlund/locations/us-central1/functions/gpiipr_extract_dev_ebay",
            "ingress_settings": "ALLOW_ALL",
            "labels": null,
            "max_instances": 0,
            "name": "gpiipr_extract_dev_ebay",
            "project": "torbjorn-zetterlund",
            "region": "us-central1",
            "runtime": "python37",
            "service_account_email": "gpiipr-extract-dev@torbjorn-zetterlund.iam.gserviceaccount.com",
            "source_archive_bucket": "torbjorn-zetterlund-gpiipr-source",
            "source_archive_object": "gpiipr-testing-039215ca8c20fa826130d6b15ae3fb7f_ebay.zip",
            "source_repository": [],
            "timeout": 540,
            "timeouts": null,
            "trigger_http": true,
            "vpc_connector": null,
            "vpc_connector_egress_settings": null
          },
          "sensitive_attributes": [],
          "private": "eyJlMmJmYjczMC1lY2FhLTExZTYtOGY4OC0zNDM2M2JjN2M0YzAiOnsiY3JlYXRlIjozMDAwMDAwMDAwMDAsImRlbGV0ZSI6MzAwMDAwMDAwMDAwLCJyZWFkIjozMDAwMDAwMDAwMDAsInVwZGF0ZSI6MzAwMDAwMDAwMDAwfX0=",
          "dependencies": [
            "module.artifacts.google_storage_bucket.source",
            "module.artifacts.google_storage_bucket_object.source_ebay",
            "module.example.google_service_account.function"
          ]
        }
      ]
    },
    {
      "module": "module.example",
      "mode": "managed",
      "type": "google_cloudfunctions_function",
      "name": "etsy",
      "provider": "module.example.provider[\"registry.terraform.io/hashicorp/google\"]",
      "instances": [
        {
          "status": "tainted",
          "schema_version": 0,
          "attributes": {
            "available_memory_mb": 1024,
            "build_environment_variables": null,
            "description": "",
            "entry_point": "main",
            "environment_variables": {
              "ENTITY": "extract",
              "ENVIRONMENT": "dev",
              "PROJECT": "torbjorn-zetterlund"
            },
            "event_trigger": [],
            "https_trigger_url": "https://us-central1-torbjorn-zetterlund.cloudfunctions.net/gpiipr_extract_dev_etsy",
            "id": "projects/torbjorn-zetterlund/locations/us-central1/functions/gpiipr_extract_dev_etsy",
            "ingress_settings": "ALLOW_ALL",
            "labels": {},
            "max_instances": 0,
            "name": "gpiipr_extract_dev_etsy",
            "project": "torbjorn-zetterlund",
            "region": "us-central1",
            "runtime": "python37",
            "service_account_email": "gpiipr-extract-dev@torbjorn-zetterlund.iam.gserviceaccount.com",
            "source_archive_bucket": "torbjorn-zetterlund-gpiipr-source",
            "source_archive_object": "gpiipr-testing-630f63c79b4f94620c8b8e692ba99317_etsy.zip",
            "source_repository": [],
            "timeout": 540,
            "timeouts": null,
            "trigger_http": true,
            "vpc_connector": "",
            "vpc_connector_egress_settings": ""
          },
          "sensitive_attributes": [],
          "private": "eyJlMmJmYjczMC1lY2FhLTExZTYtOGY4OC0zNDM2M2JjN2M0YzAiOnsiY3JlYXRlIjozMDAwMDAwMDAwMDAsImRlbGV0ZSI6MzAwMDAwMDAwMDAwLCJyZWFkIjozMDAwMDAwMDAwMDAsInVwZGF0ZSI6MzAwMDAwMDAwMDAwfX0=",
          "dependencies": [
            "module.artifacts.google_storage_bucket.source",
            "module.artifacts.google_storage_bucket_object.source_etsy",
            "module.example.google_service_account.function",
            "module.artifacts.data.archive_file.source_etsy"
          ]
        }
      ]
    },
    {
      "module": "module.example",
      "mode": "managed",
      "type": "google_cloudfunctions_function",
      "name": "googlesearch",
      "provider": "module.example.provider[\"registry.terraform.io/hashicorp/google\"]",
      "instances": [
        {
          "status": "tainted",
          "schema_version": 0,
          "attributes": {
            "available_memory_mb": 1024,
            "build_environment_variables": null,
            "description": "",
            "entry_point": "main",
            "environment_variables": {
              "ENTITY": "extract",
              "ENVIRONMENT": "dev",
              "PROJECT": "torbjorn-zetterlund"
            },
            "event_trigger": [],
            "https_trigger_url": "https://us-central1-torbjorn-zetterlund.cloudfunctions.net/gpiipr_extract_dev_googlesearch",
            "id": "projects/torbjorn-zetterlund/locations/us-central1/functions/gpiipr_extract_dev_googlesearch",
            "ingress_settings": "ALLOW_ALL",
            "labels": {},
            "max_instances": 0,
            "name": "gpiipr_extract_dev_googlesearch",
            "project": "torbjorn-zetterlund",
            "region": "us-central1",
            "runtime": "python37",
            "service_account_email": "gpiipr-extract-dev@torbjorn-zetterlund.iam.gserviceaccount.com",
            "source_archive_bucket": "torbjorn-zetterlund-gpiipr-source",
            "source_archive_object": "gpiipr-testing-b77178b3d56f5d9f8438967b7d5bb9ee_googlesearch.zip",
            "source_repository": [],
            "timeout": 540,
            "timeouts": null,
            "trigger_http": true,
            "vpc_connector": "",
            "vpc_connector_egress_settings": ""
          },
          "sensitive_attributes": [],
          "private": "eyJlMmJmYjczMC1lY2FhLTExZTYtOGY4OC0zNDM2M2JjN2M0YzAiOnsiY3JlYXRlIjozMDAwMDAwMDAwMDAsImRlbGV0ZSI6MzAwMDAwMDAwMDAwLCJyZWFkIjozMDAwMDAwMDAwMDAsInVwZGF0ZSI6MzAwMDAwMDAwMDAwfX0=",
          "dependencies": [
            "module.artifacts.data.archive_file.source_googlesearch",
            "module.artifacts.google_storage_bucket.source",
            "module.artifacts.google_storage_bucket_object.source_googlesearch",
            "module.example.google_service_account.function"
          ]
        }
      ]
    },
    {
      "module": "module.example",
      "mode": "managed",
      "type": "google_cloudfunctions_function",
      "name": "redbubble",
      "provider": "module.example.provider[\"registry.terraform.io/hashicorp/google\"]",
      "instances": [
        {
          "status": "tainted",
          "schema_version": 0,
          "attributes": {
            "available_memory_mb": 1024,
            "build_environment_variables": null,
            "description": null,
            "entry_point": "main",
            "environment_variables": {
              "ENTITY": "extract",
              "ENVIRONMENT": "dev",
              "PROJECT": "torbjorn-zetterlund"
            },
            "event_trigger": null,
            "https_trigger_url": null,
            "id": "projects/torbjorn-zetterlund/locations/us-central1/functions/gpiipr_extract_dev_redbubble",
            "ingress_settings": "ALLOW_ALL",
            "labels": null,
            "max_instances": 0,
            "name": "gpiipr_extract_dev_redbubble",
            "project": "torbjorn-zetterlund",
            "region": "us-central1",
            "runtime": "python37",
            "service_account_email": "gpiipr-extract-dev@torbjorn-zetterlund.iam.gserviceaccount.com",
            "source_archive_bucket": "torbjorn-zetterlund-gpiipr-source",
            "source_archive_object": "gpiipr-testing-8cbb72d9f11e364f80d2442a9431979e_redbubble.zip",
            "source_repository": [],
            "timeout": 540,
            "timeouts": null,
            "trigger_http": true,
            "vpc_connector": null,
            "vpc_connector_egress_settings": null
          },
          "sensitive_attributes": [],
          "private": "eyJlMmJmYjczMC1lY2FhLTExZTYtOGY4OC0zNDM2M2JjN2M0YzAiOnsiY3JlYXRlIjozMDAwMDAwMDAwMDAsImRlbGV0ZSI6MzAwMDAwMDAwMDAwLCJyZWFkIjozMDAwMDAwMDAwMDAsInVwZGF0ZSI6MzAwMDAwMDAwMDAwfX0=",
          "dependencies": [
            "module.artifacts.google_storage_bucket.source",
            "module.artifacts.google_storage_bucket_object.source_redbubble",
            "module.example.google_service_account.function"
          ]
        }
      ]
    },
    {
      "module": "module.example",
      "mode": "managed",
      "type": "google_cloudfunctions_function",
      "name": "spreadshirt",
      "provider": "module.example.provider[\"registry.terraform.io/hashicorp/google\"]",
      "instances": [
        {
          "status": "tainted",
          "schema_version": 0,
          "attributes": {
            "available_memory_mb": 1024,
            "build_environment_variables": null,
            "description": "",
            "entry_point": "main",
            "environment_variables": {
              "ENTITY": "extract",
              "ENVIRONMENT": "dev",
              "PROJECT": "torbjorn-zetterlund"
            },
            "event_trigger": [],
            "https_trigger_url": "https://us-central1-torbjorn-zetterlund.cloudfunctions.net/gpiipr_extract_dev_spreadshirt",
            "id": "projects/torbjorn-zetterlund/locations/us-central1/functions/gpiipr_extract_dev_spreadshirt",
            "ingress_settings": "ALLOW_ALL",
            "labels": {},
            "max_instances": 0,
            "name": "gpiipr_extract_dev_spreadshirt",
            "project": "torbjorn-zetterlund",
            "region": "us-central1",
            "runtime": "python37",
            "service_account_email": "gpiipr-extract-dev@torbjorn-zetterlund.iam.gserviceaccount.com",
            "source_archive_bucket": "torbjorn-zetterlund-gpiipr-source",
            "source_archive_object": "gpiipr-testing-0c7e129041eac09a8db70c8151c3f421_spreadshit.zip",
            "source_repository": [],
            "timeout": 540,
            "timeouts": null,
            "trigger_http": true,
            "vpc_connector": "",
            "vpc_connector_egress_settings": ""
          },
          "sensitive_attributes": [],
          "private": "eyJlMmJmYjczMC1lY2FhLTExZTYtOGY4OC0zNDM2M2JjN2M0YzAiOnsiY3JlYXRlIjozMDAwMDAwMDAwMDAsImRlbGV0ZSI6MzAwMDAwMDAwMDAwLCJyZWFkIjozMDAwMDAwMDAwMDAsInVwZGF0ZSI6MzAwMDAwMDAwMDAwfX0=",
          "dependencies": [
            "module.artifacts.data.archive_file.source_spreadshirt",
            "module.artifacts.google_storage_bucket.source",
            "module.artifacts.google_storage_bucket_object.source_spreadshirt",
            "module.example.google_service_account.function"
          ]
        }
      ]
    },
    {
      "module": "module.example",
      "mode": "managed",
      "type": "google_cloudfunctions_function",
      "name": "teepublic",
      "provider": "module.example.provider[\"registry.terraform.io/hashicorp/google\"]",
      "instances": [
        {
          "status": "tainted",
          "schema_version": 0,
          "attributes": {
            "available_memory_mb": 1024,
            "build_environment_variables": null,
            "description": null,
            "entry_point": "main",
            "environment_variables": {
              "ENTITY": "extract",
              "ENVIRONMENT": "dev",
              "PROJECT": "torbjorn-zetterlund"
            },
            "event_trigger": null,
            "https_trigger_url": null,
            "id": "projects/torbjorn-zetterlund/locations/us-central1/functions/gpiipr_extract_dev_teepublic",
            "ingress_settings": "ALLOW_ALL",
            "labels": null,
            "max_instances": 0,
            "name": "gpiipr_extract_dev_teepublic",
            "project": "torbjorn-zetterlund",
            "region": "us-central1",
            "runtime": "python37",
            "service_account_email": "gpiipr-extract-dev@torbjorn-zetterlund.iam.gserviceaccount.com",
            "source_archive_bucket": "torbjorn-zetterlund-gpiipr-source",
            "source_archive_object": "gpiipr-testing-e5b9c35be2789003c8f86cb43879d237_teepublic.zip",
            "source_repository": [],
            "timeout": 540,
            "timeouts": null,
            "trigger_http": true,
            "vpc_connector": null,
            "vpc_connector_egress_settings": null
          },
          "sensitive_attributes": [],
          "private": "eyJlMmJmYjczMC1lY2FhLTExZTYtOGY4OC0zNDM2M2JjN2M0YzAiOnsiY3JlYXRlIjozMDAwMDAwMDAwMDAsImRlbGV0ZSI6MzAwMDAwMDAwMDAwLCJyZWFkIjozMDAwMDAwMDAwMDAsInVwZGF0ZSI6MzAwMDAwMDAwMDAwfX0=",
          "dependencies": [
            "module.artifacts.google_storage_bucket.source",
            "module.artifacts.google_storage_bucket_object.source_teepublic",
            "module.example.google_service_account.function"
          ]
        }
      ]
    },
    {
      "module": "module.example",
      "mode": "managed",
      "type": "google_project_iam_member",
      "name": "cloud_function_invoker",
      "provider": "module.example.provider[\"registry.terraform.io/hashicorp/google\"]",
      "instances": [
        {
          "schema_version": 0,
          "attributes": {
            "condition": [],
            "etag": "BwXMlpZpaio=",
            "id": "torbjorn-zetterlund/roles/cloudfunctions.invoker/serviceAccount:gpiipr-extract-dev@torbjorn-zetterlund.iam.gserviceaccount.com",
            "member": "serviceAccount:gpiipr-extract-dev@torbjorn-zetterlund.iam.gserviceaccount.com",
            "project": "torbjorn-zetterlund",
            "role": "roles/cloudfunctions.invoker"
          },
          "sensitive_attributes": [],
          "private": "bnVsbA==",
          "dependencies": [
            "module.example.google_service_account.function"
          ]
        }
      ]
    },
    {
      "module": "module.example",
      "mode": "managed",
      "type": "google_project_iam_member",
      "name": "firebase_admin",
      "provider": "module.example.provider[\"registry.terraform.io/hashicorp/google\"]",
      "instances": [
        {
          "schema_version": 0,
          "attributes": {
            "condition": [],
            "etag": "BwXMlpZpaio=",
            "id": "torbjorn-zetterlund/roles/firebase.admin/serviceAccount:gpiipr-extract-dev@torbjorn-zetterlund.iam.gserviceaccount.com",
            "member": "serviceAccount:gpiipr-extract-dev@torbjorn-zetterlund.iam.gserviceaccount.com",
            "project": "torbjorn-zetterlund",
            "role": "roles/firebase.admin"
          },
          "sensitive_attributes": [],
          "private": "bnVsbA==",
          "dependencies": [
            "module.example.google_service_account.function"
          ]
        }
      ]
    },
    {
      "module": "module.example",
      "mode": "managed",
      "type": "google_project_iam_member",
      "name": "function_trace",
      "provider": "module.example.provider[\"registry.terraform.io/hashicorp/google\"]",
      "instances": [
        {
          "schema_version": 0,
          "attributes": {
            "condition": [],
            "etag": "BwXMlpZpaio=",
            "id": "torbjorn-zetterlund/roles/cloudtrace.agent/serviceAccount:gpiipr-extract-dev@torbjorn-zetterlund.iam.gserviceaccount.com",
            "member": "serviceAccount:gpiipr-extract-dev@torbjorn-zetterlund.iam.gserviceaccount.com",
            "project": "torbjorn-zetterlund",
            "role": "roles/cloudtrace.agent"
          },
          "sensitive_attributes": [],
          "private": "bnVsbA==",
          "dependencies": [
            "module.example.google_service_account.function"
          ]
        }
      ]
    },
    {
      "module": "module.example",
      "mode": "managed",
      "type": "google_service_account",
      "name": "function",
      "provider": "module.example.provider[\"registry.terraform.io/hashicorp/google\"]",
      "instances": [
        {
          "schema_version": 0,
          "attributes": {
            "account_id": "gpiipr-extract-dev",
            "description": "",
            "display_name": "IPR Function Account",
            "email": "gpiipr-extract-dev@torbjorn-zetterlund.iam.gserviceaccount.com",
            "id": "projects/torbjorn-zetterlund/serviceAccounts/gpiipr-extract-dev@torbjorn-zetterlund.iam.gserviceaccount.com",
            "name": "projects/torbjorn-zetterlund/serviceAccounts/gpiipr-extract-dev@torbjorn-zetterlund.iam.gserviceaccount.com",
            "project": "torbjorn-zetterlund",
            "timeouts": null,
            "unique_id": "111504384083680382641"
          },
          "sensitive_attributes": [],
          "private": "eyJlMmJmYjczMC1lY2FhLTExZTYtOGY4OC0zNDM2M2JjN2M0YzAiOnsiY3JlYXRlIjozMDAwMDAwMDAwMDB9fQ=="
        }
      ]
    },
    {
      "module": "module.example",
      "mode": "managed",
      "type": "google_storage_bucket",
      "name": "sink",
      "provider": "module.example.provider[\"registry.terraform.io/hashicorp/google\"]",
      "instances": [
        {
          "schema_version": 0,
          "attributes": {
            "bucket_policy_only": true,
            "cors": [],
            "default_event_based_hold": false,
            "encryption": [],
            "force_destroy": false,
            "id": "gpiipr-extract-dev",
            "labels": {
              "app": "gpiipr",
              "component": "data",
              "entity": "extract",
              "environment": "dev"
            },
            "lifecycle_rule": [
              {
                "action": [
                  {
                    "storage_class": "NEARLINE",
                    "type": "SetStorageClass"
                  }
                ],
                "condition": [
                  {
                    "age": 0,
                    "created_before": "",
                    "custom_time_before": "",
                    "days_since_custom_time": 0,
                    "days_since_noncurrent_time": 0,
                    "matches_storage_class": [],
                    "noncurrent_time_before": "",
                    "num_newer_versions": 1,
                    "with_state": "ARCHIVED"
                  }
                ]
              },
              {
                "action": [
                  {
                    "storage_class": "COLDLINE",
                    "type": "SetStorageClass"
                  }
                ],
                "condition": [
                  {
                    "age": 0,
                    "created_before": "",
                    "custom_time_before": "",
                    "days_since_custom_time": 0,
                    "days_since_noncurrent_time": 0,
                    "matches_storage_class": [],
                    "noncurrent_time_before": "",
                    "num_newer_versions": 7,
                    "with_state": "ARCHIVED"
                  }
                ]
              },
              {
                "action": [
                  {
                    "storage_class": "",
                    "type": "Delete"
                  }
                ],
                "condition": [
                  {
                    "age": 365,
                    "created_before": "",
                    "custom_time_before": "",
                    "days_since_custom_time": 0,
                    "days_since_noncurrent_time": 0,
                    "matches_storage_class": [],
                    "noncurrent_time_before": "",
                    "num_newer_versions": 1,
                    "with_state": "ARCHIVED"
                  }
                ]
              }
            ],
            "location": "US",
            "logging": [],
            "name": "gpiipr-extract-dev",
            "project": "torbjorn-zetterlund",
            "requester_pays": false,
            "retention_policy": [],
            "self_link": "https://www.googleapis.com/storage/v1/b/gpiipr-extract-dev",
            "storage_class": "STANDARD",
            "uniform_bucket_level_access": true,
            "url": "gs://gpiipr-extract-dev",
            "versioning": [
              {
                "enabled": true
              }
            ],
            "website": []
          },
          "sensitive_attributes": [],
          "private": "bnVsbA=="
        }
      ]
    },
    {
      "module": "module.example",
      "mode": "managed",
      "type": "google_storage_bucket_iam_member",
      "name": "legacyBucketWriter",
      "provider": "module.example.provider[\"registry.terraform.io/hashicorp/google\"]",
      "instances": [
        {
          "schema_version": 0,
          "attributes": {
            "bucket": "b/gpiipr-extract-dev",
            "condition": [],
            "etag": "CAI=",
            "id": "b/gpiipr-extract-dev/roles/storage.legacyBucketWriter/serviceAccount:gpiipr-extract-dev@torbjorn-zetterlund.iam.gserviceaccount.com",
            "member": "serviceAccount:gpiipr-extract-dev@torbjorn-zetterlund.iam.gserviceaccount.com",
            "role": "roles/storage.legacyBucketWriter"
          },
          "sensitive_attributes": [],
          "private": "bnVsbA==",
          "dependencies": [
            "module.example.google_storage_bucket.sink",
            "module.example.google_service_account.function"
          ]
        }
      ]
    }
  ]
}
