{
  "version": 4,
  "terraform_version": "1.0.0",
  "serial": 46,
  "lineage": "7d3dd4f8-ae44-897f-4f3d-e657289a5695",
  "outputs": {
    "bucket_name": {
      "value": "gpi-ipr-gpi-ipr-dev",
      "type": "string"
    }
  },
  "resources": [
    {
      "mode": "data",
      "type": "google_client_config",
      "name": "config-default",
      "provider": "provider[\"registry.terraform.io/hashicorp/google\"].initial",
      "instances": [
        {
          "schema_version": 0,
          "attributes": {
            "access_token": "ya29.a0ARrdaM83jRPxXhjVe1VUjiEE5D2CKXUrcVUzkKdUEvHicc1mCNi4qscsOoV0xgYrQZ6iCvjHknwPM6tJqJuCP1E6BcJ-gLZBFBiKIVSqFZnIeW44Iq7ZTlNZmjGCV2D_jv4e1MmFS_MtWeTbHCU7_gxkQ6LLoFoW8kOlhg",
            "id": "projects//regions//zones/",
            "project": "",
            "region": "",
            "zone": ""
          },
          "sensitive_attributes": []
        }
      ]
    },
    {
      "mode": "managed",
      "type": "google_project_service",
      "name": "enable-project-serviceusage-api-host",
      "provider": "provider[\"registry.terraform.io/hashicorp/google\"]",
      "instances": [
        {
          "schema_version": 0,
          "attributes": {
            "disable_dependent_services": null,
            "disable_on_destroy": false,
            "id": "torbjorn-zetterlund/serviceusage.googleapis.com",
            "project": "torbjorn-zetterlund",
            "service": "serviceusage.googleapis.com",
            "timeouts": null
          },
          "sensitive_attributes": [],
          "private": "eyJlMmJmYjczMC1lY2FhLTExZTYtOGY4OC0zNDM2M2JjN2M0YzAiOnsiY3JlYXRlIjoxMjAwMDAwMDAwMDAwLCJkZWxldGUiOjEyMDAwMDAwMDAwMDAsInJlYWQiOjYwMDAwMDAwMDAwMCwidXBkYXRlIjoxMjAwMDAwMDAwMDAwfX0="
        }
      ]
    },
    {
      "module": "module.artifacts",
      "mode": "data",
      "type": "archive_file",
      "name": "source_ali",
      "provider": "provider[\"registry.terraform.io/hashicorp/archive\"]",
      "instances": [
        {
          "schema_version": 0,
          "attributes": {
            "excludes": [
              "Makefile",
              "__pycache__",
              "build",
              "requirements-dev.txt"
            ],
            "id": "231f37e0e4f02b963409248ec97fb9185fda0f90",
            "output_base64sha256": "IXz2FEoGu1nWEyoIekY7YI9eBLUBwrI63Qa4mvSup/k=",
            "output_file_mode": null,
            "output_md5": "9ba165e3eea2c454623a76d023712d1f",
            "output_path": "../artifacts/../../gp-techlab-alisearchbot/src/build/gpi-ipr_ali.zip",
            "output_sha": "231f37e0e4f02b963409248ec97fb9185fda0f90",
            "output_size": 4364,
            "source": [],
            "source_content": null,
            "source_content_filename": null,
            "source_dir": "../artifacts/../../gp-techlab-alisearchbot/src",
            "source_file": null,
            "type": "zip"
          },
          "sensitive_attributes": []
        }
      ]
    },
    {
      "module": "module.artifacts",
      "mode": "data",
      "type": "archive_file",
      "name": "source_amazon",
      "provider": "provider[\"registry.terraform.io/hashicorp/archive\"]",
      "instances": [
        {
          "schema_version": 0,
          "attributes": {
            "excludes": [
              "Makefile",
              "__pycache__",
              "build",
              "requirements-dev.txt"
            ],
            "id": "295c5353966213c341c096bb209d8ed6278d007e",
            "output_base64sha256": "8oJHz85rhwgiOTXO1TAPQB9wND/V+i8QqeuINdzaddU=",
            "output_file_mode": null,
            "output_md5": "41ea8ca375901cb40d881780f8cbc1b2",
            "output_path": "../artifacts/../../gp-techlab-amazonsearchbot/src/build/gpi-ipr_amazon.zip",
            "output_sha": "295c5353966213c341c096bb209d8ed6278d007e",
            "output_size": 3387,
            "source": [],
            "source_content": null,
            "source_content_filename": null,
            "source_dir": "../artifacts/../../gp-techlab-amazonsearchbot/src",
            "source_file": null,
            "type": "zip"
          },
          "sensitive_attributes": []
        }
      ]
    },
    {
      "module": "module.artifacts",
      "mode": "data",
      "type": "archive_file",
      "name": "source_bing",
      "provider": "provider[\"registry.terraform.io/hashicorp/archive\"]",
      "instances": [
        {
          "schema_version": 0,
          "attributes": {
            "excludes": [
              "Makefile",
              "__pycache__",
              "build",
              "requirements-dev.txt"
            ],
            "id": "afa29c7555a85843c5a00706e058073b3487ebda",
            "output_base64sha256": "0P7Ic0IT4aXIW4rvEVagxHVbqjlCs7I7meZJWaUpY0E=",
            "output_file_mode": null,
            "output_md5": "bd25fd518ea3113ccd97174036323185",
            "output_path": "../artifacts/../../gp-techlab-bingbot/src/build/gpi-ipr_bingbot.zip",
            "output_sha": "afa29c7555a85843c5a00706e058073b3487ebda",
            "output_size": 2925,
            "source": [],
            "source_content": null,
            "source_content_filename": null,
            "source_dir": "../artifacts/../../gp-techlab-bingbot/src",
            "source_file": null,
            "type": "zip"
          },
          "sensitive_attributes": []
        }
      ]
    },
    {
      "module": "module.artifacts",
      "mode": "data",
      "type": "archive_file",
      "name": "source_cafepress",
      "provider": "provider[\"registry.terraform.io/hashicorp/archive\"]",
      "instances": [
        {
          "schema_version": 0,
          "attributes": {
            "excludes": [
              "Makefile",
              "__pycache__",
              "build",
              "requirements-dev.txt"
            ],
            "id": "f5d034e7bda39a5513bf0b852cc5e5691c0e912d",
            "output_base64sha256": "7Vfx5mCtrKcHpXqL24Pw97UwmFS+3w+16q1DOCoOkSA=",
            "output_file_mode": null,
            "output_md5": "2c2534d1ded089b7bdfd9fc87d7574e6",
            "output_path": "../artifacts/../../gp-techlab-cafepressbot/src/build/gpi-ipr_cafepress.zip",
            "output_sha": "f5d034e7bda39a5513bf0b852cc5e5691c0e912d",
            "output_size": 3102,
            "source": [],
            "source_content": null,
            "source_content_filename": null,
            "source_dir": "../artifacts/../../gp-techlab-cafepressbot/src",
            "source_file": null,
            "type": "zip"
          },
          "sensitive_attributes": []
        }
      ]
    },
    {
      "module": "module.artifacts",
      "mode": "managed",
      "type": "google_storage_bucket",
      "name": "source",
      "provider": "provider[\"registry.terraform.io/hashicorp/google\"]",
      "instances": [
        {
          "schema_version": 0,
          "attributes": {
            "bucket_policy_only": true,
            "cors": [],
            "default_event_based_hold": false,
            "encryption": [],
            "force_destroy": true,
            "id": "torbjorn-zetterlund-gpi-ipr-source",
            "labels": {
              "app": "gpi-ipr-source",
              "component": "source"
            },
            "lifecycle_rule": [],
            "location": "EU",
            "logging": [],
            "name": "torbjorn-zetterlund-gpi-ipr-source",
            "project": "torbjorn-zetterlund",
            "requester_pays": false,
            "retention_policy": [],
            "self_link": "https://www.googleapis.com/storage/v1/b/torbjorn-zetterlund-gpi-ipr-source",
            "storage_class": "STANDARD",
            "uniform_bucket_level_access": true,
            "url": "gs://torbjorn-zetterlund-gpi-ipr-source",
            "versioning": [],
            "website": []
          },
          "sensitive_attributes": [],
          "private": "bnVsbA=="
        }
      ]
    },
    {
      "module": "module.artifacts",
      "mode": "managed",
      "type": "google_storage_bucket_object",
      "name": "source_ali",
      "provider": "provider[\"registry.terraform.io/hashicorp/google\"]",
      "instances": [
        {
          "schema_version": 0,
          "attributes": {
            "bucket": "torbjorn-zetterlund-gpi-ipr-source",
            "cache_control": "",
            "content": null,
            "content_disposition": "",
            "content_encoding": "",
            "content_language": "",
            "content_type": "application/zip",
            "crc32c": "sBpvRg==",
            "detect_md5hash": "m6Fl4+6ixFRiOnbQI3EtHw==",
            "id": "torbjorn-zetterlund-gpi-ipr-source-gpi-ipr-testing-9ba165e3eea2c454623a76d023712d1f_ali.zip",
            "kms_key_name": "",
            "md5hash": "m6Fl4+6ixFRiOnbQI3EtHw==",
            "media_link": "https://storage.googleapis.com/download/storage/v1/b/torbjorn-zetterlund-gpi-ipr-source/o/gpi-ipr-testing-9ba165e3eea2c454623a76d023712d1f_ali.zip?generation=1624458123507613\u0026alt=media",
            "metadata": null,
            "name": "gpi-ipr-testing-9ba165e3eea2c454623a76d023712d1f_ali.zip",
            "output_name": "gpi-ipr-testing-9ba165e3eea2c454623a76d023712d1f_ali.zip",
            "self_link": "https://www.googleapis.com/storage/v1/b/torbjorn-zetterlund-gpi-ipr-source/o/gpi-ipr-testing-9ba165e3eea2c454623a76d023712d1f_ali.zip",
            "source": "../artifacts/../../gp-techlab-alisearchbot/src/build/gpi-ipr_ali.zip",
            "storage_class": "STANDARD"
          },
          "sensitive_attributes": [],
          "private": "bnVsbA==",
          "dependencies": [
            "module.artifacts.data.archive_file.source_ali",
            "module.artifacts.google_storage_bucket.source"
          ]
        }
      ]
    },
    {
      "module": "module.artifacts",
      "mode": "managed",
      "type": "google_storage_bucket_object",
      "name": "source_amazon",
      "provider": "provider[\"registry.terraform.io/hashicorp/google\"]",
      "instances": [
        {
          "schema_version": 0,
          "attributes": {
            "bucket": "torbjorn-zetterlund-gpi-ipr-source",
            "cache_control": "",
            "content": null,
            "content_disposition": "",
            "content_encoding": "",
            "content_language": "",
            "content_type": "application/zip",
            "crc32c": "5mAGpA==",
            "detect_md5hash": "QeqMo3WQHLQNiBeA+MvBsg==",
            "id": "torbjorn-zetterlund-gpi-ipr-source-gpi-ipr-testing-41ea8ca375901cb40d881780f8cbc1b2_amazon.zip",
            "kms_key_name": "",
            "md5hash": "QeqMo3WQHLQNiBeA+MvBsg==",
            "media_link": "https://storage.googleapis.com/download/storage/v1/b/torbjorn-zetterlund-gpi-ipr-source/o/gpi-ipr-testing-41ea8ca375901cb40d881780f8cbc1b2_amazon.zip?generation=1624458123507015\u0026alt=media",
            "metadata": null,
            "name": "gpi-ipr-testing-41ea8ca375901cb40d881780f8cbc1b2_amazon.zip",
            "output_name": "gpi-ipr-testing-41ea8ca375901cb40d881780f8cbc1b2_amazon.zip",
            "self_link": "https://www.googleapis.com/storage/v1/b/torbjorn-zetterlund-gpi-ipr-source/o/gpi-ipr-testing-41ea8ca375901cb40d881780f8cbc1b2_amazon.zip",
            "source": "../artifacts/../../gp-techlab-amazonsearchbot/src/build/gpi-ipr_amazon.zip",
            "storage_class": "STANDARD"
          },
          "sensitive_attributes": [],
          "private": "bnVsbA==",
          "dependencies": [
            "module.artifacts.data.archive_file.source_amazon",
            "module.artifacts.google_storage_bucket.source"
          ]
        }
      ]
    },
    {
      "module": "module.artifacts",
      "mode": "managed",
      "type": "google_storage_bucket_object",
      "name": "source_bing",
      "provider": "provider[\"registry.terraform.io/hashicorp/google\"]",
      "instances": [
        {
          "schema_version": 0,
          "attributes": {
            "bucket": "torbjorn-zetterlund-gpi-ipr-source",
            "cache_control": "",
            "content": null,
            "content_disposition": "",
            "content_encoding": "",
            "content_language": "",
            "content_type": "application/zip",
            "crc32c": "l+DFBQ==",
            "detect_md5hash": "vSX9UY6jETzNlxdANjIxhQ==",
            "id": "torbjorn-zetterlund-gpi-ipr-source-gpi-ipr-testing-bd25fd518ea3113ccd97174036323185_bing.zip",
            "kms_key_name": "",
            "md5hash": "vSX9UY6jETzNlxdANjIxhQ==",
            "media_link": "https://storage.googleapis.com/download/storage/v1/b/torbjorn-zetterlund-gpi-ipr-source/o/gpi-ipr-testing-bd25fd518ea3113ccd97174036323185_bing.zip?generation=1624458123510120\u0026alt=media",
            "metadata": null,
            "name": "gpi-ipr-testing-bd25fd518ea3113ccd97174036323185_bing.zip",
            "output_name": "gpi-ipr-testing-bd25fd518ea3113ccd97174036323185_bing.zip",
            "self_link": "https://www.googleapis.com/storage/v1/b/torbjorn-zetterlund-gpi-ipr-source/o/gpi-ipr-testing-bd25fd518ea3113ccd97174036323185_bing.zip",
            "source": "../artifacts/../../gp-techlab-bingbot/src/build/gpi-ipr_bingbot.zip",
            "storage_class": "STANDARD"
          },
          "sensitive_attributes": [],
          "private": "bnVsbA==",
          "dependencies": [
            "module.artifacts.data.archive_file.source_bing",
            "module.artifacts.google_storage_bucket.source"
          ]
        }
      ]
    },
    {
      "module": "module.artifacts",
      "mode": "managed",
      "type": "google_storage_bucket_object",
      "name": "source_cafepress",
      "provider": "provider[\"registry.terraform.io/hashicorp/google\"]",
      "instances": [
        {
          "schema_version": 0,
          "attributes": {
            "bucket": "torbjorn-zetterlund-gpi-ipr-source",
            "cache_control": "",
            "content": null,
            "content_disposition": "",
            "content_encoding": "",
            "content_language": "",
            "content_type": "application/zip",
            "crc32c": "k80MrQ==",
            "detect_md5hash": "LCU00d7Qibe9/Z/IfXV05g==",
            "id": "torbjorn-zetterlund-gpi-ipr-source-gpi-ipr-testing-2c2534d1ded089b7bdfd9fc87d7574e6_cafepress.zip",
            "kms_key_name": "",
            "md5hash": "LCU00d7Qibe9/Z/IfXV05g==",
            "media_link": "https://storage.googleapis.com/download/storage/v1/b/torbjorn-zetterlund-gpi-ipr-source/o/gpi-ipr-testing-2c2534d1ded089b7bdfd9fc87d7574e6_cafepress.zip?generation=1624458123525519\u0026alt=media",
            "metadata": null,
            "name": "gpi-ipr-testing-2c2534d1ded089b7bdfd9fc87d7574e6_cafepress.zip",
            "output_name": "gpi-ipr-testing-2c2534d1ded089b7bdfd9fc87d7574e6_cafepress.zip",
            "self_link": "https://www.googleapis.com/storage/v1/b/torbjorn-zetterlund-gpi-ipr-source/o/gpi-ipr-testing-2c2534d1ded089b7bdfd9fc87d7574e6_cafepress.zip",
            "source": "../artifacts/../../gp-techlab-cafepressbot/src/build/gpi-ipr_cafepress.zip",
            "storage_class": "STANDARD"
          },
          "sensitive_attributes": [],
          "private": "bnVsbA==",
          "dependencies": [
            "module.artifacts.data.archive_file.source_cafepress",
            "module.artifacts.google_storage_bucket.source"
          ]
        }
      ]
    },
    {
      "module": "module.example",
      "mode": "managed",
      "type": "google_cloud_scheduler_job",
      "name": "ali",
      "provider": "module.example.provider[\"registry.terraform.io/hashicorp/google\"]",
      "instances": []
    },
    {
      "module": "module.example",
      "mode": "managed",
      "type": "google_cloud_scheduler_job",
      "name": "amazon",
      "provider": "module.example.provider[\"registry.terraform.io/hashicorp/google\"]",
      "instances": []
    },
    {
      "module": "module.example",
      "mode": "managed",
      "type": "google_cloud_scheduler_job",
      "name": "bing",
      "provider": "module.example.provider[\"registry.terraform.io/hashicorp/google\"]",
      "instances": []
    },
    {
      "module": "module.example",
      "mode": "managed",
      "type": "google_cloud_scheduler_job",
      "name": "cafepress",
      "provider": "module.example.provider[\"registry.terraform.io/hashicorp/google\"]",
      "instances": []
    },
    {
      "module": "module.example",
      "mode": "managed",
      "type": "google_secret_manager_secret_iam_member",
      "name": "function",
      "provider": "module.example.provider[\"registry.terraform.io/hashicorp/google\"]",
      "instances": []
    }
  ]
}
