{
  "version": 4,
  "terraform_version": "1.0.0",
  "serial": 180,
  "lineage": "9fe04e44-e2f4-d526-5f46-0fe731a81ecf",
  "outputs": {
    "bucket_name": {
      "value": "gpiipr-extract-dev",
      "type": "string"
    }
  },
  "resources": [
    {
      "mode": "data",
      "type": "google_client_config",
      "name": "config-default",
      "provider": "provider[\"registry.terraform.io/hashicorp/google\"].initial",
      "instances": [
        {
          "schema_version": 0,
          "attributes": {
            "access_token": "ya29.a0ARrdaM8u17jr4JRpP7EhnmXCT_TzxJ9zm7ZS-ok0sxXhzCSiFzze_TxIVym4ZPkEGmJuIeWky00yrTKSLGBEt3bb77VosJFD5Z7SwKZWYOdXcXjgeluTq-pBEnT59Er5zdr-Cved-Tmta0FpY5C0xuuIhyu3oUCHKOOX0g",
            "id": "projects//regions//zones/",
            "project": "",
            "region": "",
            "zone": ""
          },
          "sensitive_attributes": []
        }
      ]
    },
    {
      "mode": "managed",
      "type": "google_project_service",
      "name": "enable-project-serviceusage-api-host",
      "provider": "provider[\"registry.terraform.io/hashicorp/google\"]",
      "instances": [
        {
          "schema_version": 0,
          "attributes": {
            "disable_dependent_services": null,
            "disable_on_destroy": false,
            "id": "torbjorn-zetterlund/serviceusage.googleapis.com",
            "project": "torbjorn-zetterlund",
            "service": "serviceusage.googleapis.com",
            "timeouts": null
          },
          "sensitive_attributes": [],
          "private": "eyJlMmJmYjczMC1lY2FhLTExZTYtOGY4OC0zNDM2M2JjN2M0YzAiOnsiY3JlYXRlIjoxMjAwMDAwMDAwMDAwLCJkZWxldGUiOjEyMDAwMDAwMDAwMDAsInJlYWQiOjYwMDAwMDAwMDAwMCwidXBkYXRlIjoxMjAwMDAwMDAwMDAwfX0="
        }
      ]
    },
    {
      "module": "module.artifacts",
      "mode": "data",
      "type": "archive_file",
      "name": "source_ali",
      "provider": "provider[\"registry.terraform.io/hashicorp/archive\"]",
      "instances": [
        {
          "schema_version": 0,
          "attributes": {
            "excludes": [
              "Makefile",
              "__pycache__",
              "build",
              "requirements-dev.txt"
            ],
            "id": "db348c871deca997398c59bb678a8e71e6484e94",
            "output_base64sha256": "jbWdyTQN25BvhdRGU50SHgODEDaCzfQzpa1cu1AYHxM=",
            "output_file_mode": null,
            "output_md5": "11934aee36460d5c5a24eb17b526eb1d",
            "output_path": "../artifacts/../../gp-techlab-alisearchbot/src/build/gpiipr_ali.zip",
            "output_sha": "db348c871deca997398c59bb678a8e71e6484e94",
            "output_size": 4318,
            "source": [],
            "source_content": null,
            "source_content_filename": null,
            "source_dir": "../artifacts/../../gp-techlab-alisearchbot/src",
            "source_file": null,
            "type": "zip"
          },
          "sensitive_attributes": []
        }
      ]
    },
    {
      "module": "module.artifacts",
      "mode": "data",
      "type": "archive_file",
      "name": "source_amazon",
      "provider": "provider[\"registry.terraform.io/hashicorp/archive\"]",
      "instances": [
        {
          "schema_version": 0,
          "attributes": {
            "excludes": [
              "Makefile",
              "__pycache__",
              "build",
              "requirements-dev.txt"
            ],
            "id": "44ca286e4104b2fb4f1edc8358c199f51f47fcd0",
            "output_base64sha256": "g65AZLrcwtulPQqZdVhqi2GbLL3g6hWp5ec7/Qj1jMc=",
            "output_file_mode": null,
            "output_md5": "190a23dc5d18ff659b621c0148076de4",
            "output_path": "../artifacts/../../gp-techlab-amazonsearchbot/src/build/gpiipr_amazon.zip",
            "output_sha": "44ca286e4104b2fb4f1edc8358c199f51f47fcd0",
            "output_size": 3333,
            "source": [],
            "source_content": null,
            "source_content_filename": null,
            "source_dir": "../artifacts/../../gp-techlab-amazonsearchbot/src",
            "source_file": null,
            "type": "zip"
          },
          "sensitive_attributes": []
        }
      ]
    },
    {
      "module": "module.artifacts",
      "mode": "data",
      "type": "archive_file",
      "name": "source_bing",
      "provider": "provider[\"registry.terraform.io/hashicorp/archive\"]",
      "instances": [
        {
          "schema_version": 0,
          "attributes": {
            "excludes": [
              "Makefile",
              "__pycache__",
              "build",
              "requirements-dev.txt"
            ],
            "id": "cf3d056841784b6b054f775900b12192080792a4",
            "output_base64sha256": "+81Nx+7Rn3T5wWYcvazH22MpS8YuGWMgN1KIlt5vPNs=",
            "output_file_mode": null,
            "output_md5": "21e947dec3a6cff25339d2c8006b22ad",
            "output_path": "../artifacts/../../gp-techlab-bingbot/src/build/gpiipr_bingbot.zip",
            "output_sha": "cf3d056841784b6b054f775900b12192080792a4",
            "output_size": 2901,
            "source": [],
            "source_content": null,
            "source_content_filename": null,
            "source_dir": "../artifacts/../../gp-techlab-bingbot/src",
            "source_file": null,
            "type": "zip"
          },
          "sensitive_attributes": []
        }
      ]
    },
    {
      "module": "module.artifacts",
      "mode": "data",
      "type": "archive_file",
      "name": "source_cafepress",
      "provider": "provider[\"registry.terraform.io/hashicorp/archive\"]",
      "instances": [
        {
          "schema_version": 0,
          "attributes": {
            "excludes": [
              "Makefile",
              "__pycache__",
              "build",
              "requirements-dev.txt"
            ],
            "id": "efbea7d9132b6026067b8be62e79d1a0bb39ed67",
            "output_base64sha256": "fQks+ngOsVkaryLDVMsaJDCXrKFu+vYoig28ye6AYCM=",
            "output_file_mode": null,
            "output_md5": "54b1607d5639024b7088cb95b4abc476",
            "output_path": "../artifacts/../../gp-techlab-cafepressbot/src/build/gpiipr_cafepress.zip",
            "output_sha": "efbea7d9132b6026067b8be62e79d1a0bb39ed67",
            "output_size": 3010,
            "source": [],
            "source_content": null,
            "source_content_filename": null,
            "source_dir": "../artifacts/../../gp-techlab-cafepressbot/src",
            "source_file": null,
            "type": "zip"
          },
          "sensitive_attributes": []
        }
      ]
    },
    {
      "module": "module.artifacts",
      "mode": "data",
      "type": "archive_file",
      "name": "source_duckduckgo",
      "provider": "provider[\"registry.terraform.io/hashicorp/archive\"]",
      "instances": [
        {
          "schema_version": 0,
          "attributes": {
            "excludes": [
              "Makefile",
              "__pycache__",
              "build",
              "requirements-dev.txt"
            ],
            "id": "edb47bd8b2cfe7c5c700215b1218e6f39135be2e",
            "output_base64sha256": "9uThHUiNlSOAY/zEr+jj9QH7DJgKehR/NPlUr9Kelwc=",
            "output_file_mode": null,
            "output_md5": "ac190e8d601590aadecb69a8cad4af8b",
            "output_path": "../artifacts/../../gp-techlab-duckduckgobot/src/build/gpiipr_duckduckgo.zip",
            "output_sha": "edb47bd8b2cfe7c5c700215b1218e6f39135be2e",
            "output_size": 3327,
            "source": [],
            "source_content": null,
            "source_content_filename": null,
            "source_dir": "../artifacts/../../gp-techlab-duckduckgobot/src",
            "source_file": null,
            "type": "zip"
          },
          "sensitive_attributes": []
        }
      ]
    },
    {
      "module": "module.artifacts",
      "mode": "data",
      "type": "archive_file",
      "name": "source_ebay",
      "provider": "provider[\"registry.terraform.io/hashicorp/archive\"]",
      "instances": [
        {
          "schema_version": 0,
          "attributes": {
            "excludes": [
              "Makefile",
              "__pycache__",
              "build",
              "requirements-dev.txt"
            ],
            "id": "541580b3f37bfa21db0d1234b8dbe748eeb40a1f",
            "output_base64sha256": "oP5Zgfe9Pv7+Q6J3c37DxYDbPl3RK6Q94zUf8tQhw+o=",
            "output_file_mode": null,
            "output_md5": "039215ca8c20fa826130d6b15ae3fb7f",
            "output_path": "../artifacts/../../gp-techlab-ebaysearchbot/src/build/gpiipr_ebay.zip",
            "output_sha": "541580b3f37bfa21db0d1234b8dbe748eeb40a1f",
            "output_size": 2787,
            "source": [],
            "source_content": null,
            "source_content_filename": null,
            "source_dir": "../artifacts/../../gp-techlab-ebaysearchbot/src",
            "source_file": null,
            "type": "zip"
          },
          "sensitive_attributes": []
        }
      ]
    },
    {
      "module": "module.artifacts",
      "mode": "data",
      "type": "archive_file",
      "name": "source_etsy",
      "provider": "provider[\"registry.terraform.io/hashicorp/archive\"]",
      "instances": [
        {
          "schema_version": 0,
          "attributes": {
            "excludes": [
              "Makefile",
              "__pycache__",
              "build",
              "requirements-dev.txt"
            ],
            "id": "72aca5bbcecd432e677f03b75be3220dcfa8129b",
            "output_base64sha256": "G4dDfFxU8i2M3gVEKuYFsXaNnYmgItBkm8MBeQStL5Q=",
            "output_file_mode": null,
            "output_md5": "630f63c79b4f94620c8b8e692ba99317",
            "output_path": "../artifacts/../../gp-techlab-etsysearch/src/build/gpiipr_etsy.zip",
            "output_sha": "72aca5bbcecd432e677f03b75be3220dcfa8129b",
            "output_size": 2849,
            "source": [],
            "source_content": null,
            "source_content_filename": null,
            "source_dir": "../artifacts/../../gp-techlab-etsysearchbot/src",
            "source_file": null,
            "type": "zip"
          },
          "sensitive_attributes": []
        }
      ]
    },
    {
      "module": "module.artifacts",
      "mode": "data",
      "type": "archive_file",
      "name": "source_googlesearch",
      "provider": "provider[\"registry.terraform.io/hashicorp/archive\"]",
      "instances": [
        {
          "schema_version": 0,
          "attributes": {
            "excludes": [
              "Makefile",
              "__pycache__",
              "build",
              "requirements-dev.txt"
            ],
            "id": "b132a63c81aeb1077a9d41ef3025e9e6dbf0863e",
            "output_base64sha256": "oT8QRqN+R4PGMBLKoCuFa88hGKDwuF4yNqdZYurr7AI=",
            "output_file_mode": null,
            "output_md5": "00b644aa6da209e911a9abb5b3563d4a",
            "output_path": "../artifacts/../../gp-techlab-googlesearchbot/src/build/gpiipr_googlesearch.zip",
            "output_sha": "b132a63c81aeb1077a9d41ef3025e9e6dbf0863e",
            "output_size": 3660,
            "source": [],
            "source_content": null,
            "source_content_filename": null,
            "source_dir": "../artifacts/../../gp-techlab-googlesearchbot/src",
            "source_file": null,
            "type": "zip"
          },
          "sensitive_attributes": []
        }
      ]
    },
    {
      "module": "module.artifacts",
      "mode": "data",
      "type": "archive_file",
      "name": "source_redbubble",
      "provider": "provider[\"registry.terraform.io/hashicorp/archive\"]",
      "instances": [
        {
          "schema_version": 0,
          "attributes": {
            "excludes": [
              "Makefile",
              "__pycache__",
              "build",
              "requirements-dev.txt"
            ],
            "id": "b5c0b1a23c8a665472f12c803042175e9c520aa3",
            "output_base64sha256": "U1zxVaaWH65RDuSCXLhQuagplDIjhHCKj0Pc4iTtJZY=",
            "output_file_mode": null,
            "output_md5": "de23c777bcb8de05970800750b6af0ad",
            "output_path": "../artifacts/../../gp-techlab-redbubblesearchbot/src/build/gpiipr_redbubble.zip",
            "output_sha": "b5c0b1a23c8a665472f12c803042175e9c520aa3",
            "output_size": 2849,
            "source": [],
            "source_content": null,
            "source_content_filename": null,
            "source_dir": "../artifacts/../../gp-techlab-redbubblesearchbot/src",
            "source_file": null,
            "type": "zip"
          },
          "sensitive_attributes": []
        }
      ]
    },
    {
      "module": "module.artifacts",
      "mode": "data",
      "type": "archive_file",
      "name": "source_spreadshirt",
      "provider": "provider[\"registry.terraform.io/hashicorp/archive\"]",
      "instances": [
        {
          "schema_version": 0,
          "attributes": {
            "excludes": [
              "Makefile",
              "__pycache__",
              "build",
              "requirements-dev.txt"
            ],
            "id": "964a666c4101c6d7a79c27b47ba51a920a79fcea",
            "output_base64sha256": "GtxzGK9woUiDsF7+cPxcdtjwRrsGgqk5Wxw0xBnGwIg=",
            "output_file_mode": null,
            "output_md5": "0c7e129041eac09a8db70c8151c3f421",
            "output_path": "../artifacts/../../gp-techlab-spreadshirt/src/build/gpiipr_spreadshirt.zip",
            "output_sha": "964a666c4101c6d7a79c27b47ba51a920a79fcea",
            "output_size": 2928,
            "source": [],
            "source_content": null,
            "source_content_filename": null,
            "source_dir": "../artifacts/../../gp-techlab-spreadshirt/src",
            "source_file": null,
            "type": "zip"
          },
          "sensitive_attributes": []
        }
      ]
    },
    {
      "module": "module.artifacts",
      "mode": "data",
      "type": "archive_file",
      "name": "source_teepublic",
      "provider": "provider[\"registry.terraform.io/hashicorp/archive\"]",
      "instances": [
        {
          "schema_version": 0,
          "attributes": {
            "excludes": [
              "Makefile",
              "__pycache__",
              "build",
              "requirements-dev.txt"
            ],
            "id": "db46eb8baa3b8c8264fa636808d3eb5096af7e23",
            "output_base64sha256": "bikNjs76flwUtye8H/2D8yCoA4acwVxsTncYW693CVU=",
            "output_file_mode": null,
            "output_md5": "e5b9c35be2789003c8f86cb43879d237",
            "output_path": "../artifacts/../../gp-techlab-teepublic/src/build/gpiipr_teepublic.zip",
            "output_sha": "db46eb8baa3b8c8264fa636808d3eb5096af7e23",
            "output_size": 3251,
            "source": [],
            "source_content": null,
            "source_content_filename": null,
            "source_dir": "../artifacts/../../gp-techlab-teepublic/src",
            "source_file": null,
            "type": "zip"
          },
          "sensitive_attributes": []
        }
      ]
    },
    {
      "module": "module.artifacts",
      "mode": "managed",
      "type": "google_storage_bucket",
      "name": "source",
      "provider": "provider[\"registry.terraform.io/hashicorp/google\"]",
      "instances": [
        {
          "schema_version": 0,
          "attributes": {
            "bucket_policy_only": true,
            "cors": [],
            "default_event_based_hold": false,
            "encryption": [],
            "force_destroy": true,
            "id": "torbjorn-zetterlund-gpiipr-source",
            "labels": {
              "app": "gpiipr-source",
              "component": "source"
            },
            "lifecycle_rule": [],
            "location": "EU",
            "logging": [],
            "name": "torbjorn-zetterlund-gpiipr-source",
            "project": "torbjorn-zetterlund",
            "requester_pays": false,
            "retention_policy": [],
            "self_link": "https://www.googleapis.com/storage/v1/b/torbjorn-zetterlund-gpiipr-source",
            "storage_class": "STANDARD",
            "uniform_bucket_level_access": true,
            "url": "gs://torbjorn-zetterlund-gpiipr-source",
            "versioning": [],
            "website": []
          },
          "sensitive_attributes": [],
          "private": "bnVsbA=="
        }
      ]
    },
    {
      "module": "module.artifacts",
      "mode": "managed",
      "type": "google_storage_bucket_object",
      "name": "source_ali",
      "provider": "provider[\"registry.terraform.io/hashicorp/google\"]",
      "instances": [
        {
          "schema_version": 0,
          "attributes": {
            "bucket": "torbjorn-zetterlund-gpiipr-source",
            "cache_control": "",
            "content": null,
            "content_disposition": "",
            "content_encoding": "",
            "content_language": "",
            "content_type": "application/zip",
            "crc32c": "509sCA==",
            "detect_md5hash": "EZNK7jZGDVxaJOsXtSbrHQ==",
            "id": "torbjorn-zetterlund-gpiipr-source-gpiipr-testing-11934aee36460d5c5a24eb17b526eb1d_ali.zip",
            "kms_key_name": "",
            "md5hash": "EZNK7jZGDVxaJOsXtSbrHQ==",
            "media_link": "https://storage.googleapis.com/download/storage/v1/b/torbjorn-zetterlund-gpiipr-source/o/gpiipr-testing-11934aee36460d5c5a24eb17b526eb1d_ali.zip?generation=1624523869610510\u0026alt=media",
            "metadata": {},
            "name": "gpiipr-testing-11934aee36460d5c5a24eb17b526eb1d_ali.zip",
            "output_name": "gpiipr-testing-11934aee36460d5c5a24eb17b526eb1d_ali.zip",
            "self_link": "https://www.googleapis.com/storage/v1/b/torbjorn-zetterlund-gpiipr-source/o/gpiipr-testing-11934aee36460d5c5a24eb17b526eb1d_ali.zip",
            "source": "../artifacts/../../gp-techlab-alisearchbot/src/build/gpiipr_ali.zip",
            "storage_class": "STANDARD"
          },
          "sensitive_attributes": [],
          "private": "bnVsbA==",
          "dependencies": [
            "module.artifacts.data.archive_file.source_ali",
            "module.artifacts.google_storage_bucket.source"
          ]
        }
      ]
    },
    {
      "module": "module.artifacts",
      "mode": "managed",
      "type": "google_storage_bucket_object",
      "name": "source_amazon",
      "provider": "provider[\"registry.terraform.io/hashicorp/google\"]",
      "instances": [
        {
          "schema_version": 0,
          "attributes": {
            "bucket": "torbjorn-zetterlund-gpiipr-source",
            "cache_control": "",
            "content": null,
            "content_disposition": "",
            "content_encoding": "",
            "content_language": "",
            "content_type": "application/zip",
            "crc32c": "SXwVig==",
            "detect_md5hash": "GQoj3F0Y/2WbYhwBSAdt5A==",
            "id": "torbjorn-zetterlund-gpiipr-source-gpiipr-testing-190a23dc5d18ff659b621c0148076de4_amazon.zip",
            "kms_key_name": "",
            "md5hash": "GQoj3F0Y/2WbYhwBSAdt5A==",
            "media_link": "https://storage.googleapis.com/download/storage/v1/b/torbjorn-zetterlund-gpiipr-source/o/gpiipr-testing-190a23dc5d18ff659b621c0148076de4_amazon.zip?generation=1624523869610375\u0026alt=media",
            "metadata": {},
            "name": "gpiipr-testing-190a23dc5d18ff659b621c0148076de4_amazon.zip",
            "output_name": "gpiipr-testing-190a23dc5d18ff659b621c0148076de4_amazon.zip",
            "self_link": "https://www.googleapis.com/storage/v1/b/torbjorn-zetterlund-gpiipr-source/o/gpiipr-testing-190a23dc5d18ff659b621c0148076de4_amazon.zip",
            "source": "../artifacts/../../gp-techlab-amazonsearchbot/src/build/gpiipr_amazon.zip",
            "storage_class": "STANDARD"
          },
          "sensitive_attributes": [],
          "private": "bnVsbA==",
          "dependencies": [
            "module.artifacts.data.archive_file.source_amazon",
            "module.artifacts.google_storage_bucket.source"
          ]
        }
      ]
    },
    {
      "module": "module.artifacts",
      "mode": "managed",
      "type": "google_storage_bucket_object",
      "name": "source_bing",
      "provider": "provider[\"registry.terraform.io/hashicorp/google\"]",
      "instances": [
        {
          "schema_version": 0,
          "attributes": {
            "bucket": "torbjorn-zetterlund-gpiipr-source",
            "cache_control": "",
            "content": null,
            "content_disposition": "",
            "content_encoding": "",
            "content_language": "",
            "content_type": "application/zip",
            "crc32c": "/VDIxQ==",
            "detect_md5hash": "IelH3sOmz/JTOdLIAGsirQ==",
            "id": "torbjorn-zetterlund-gpiipr-source-gpiipr-testing-21e947dec3a6cff25339d2c8006b22ad_bing.zip",
            "kms_key_name": "",
            "md5hash": "IelH3sOmz/JTOdLIAGsirQ==",
            "media_link": "https://storage.googleapis.com/download/storage/v1/b/torbjorn-zetterlund-gpiipr-source/o/gpiipr-testing-21e947dec3a6cff25339d2c8006b22ad_bing.zip?generation=1624523263132373\u0026alt=media",
            "metadata": {},
            "name": "gpiipr-testing-21e947dec3a6cff25339d2c8006b22ad_bing.zip",
            "output_name": "gpiipr-testing-21e947dec3a6cff25339d2c8006b22ad_bing.zip",
            "self_link": "https://www.googleapis.com/storage/v1/b/torbjorn-zetterlund-gpiipr-source/o/gpiipr-testing-21e947dec3a6cff25339d2c8006b22ad_bing.zip",
            "source": "../artifacts/../../gp-techlab-bingbot/src/build/gpiipr_bingbot.zip",
            "storage_class": "STANDARD"
          },
          "sensitive_attributes": [],
          "private": "bnVsbA==",
          "dependencies": [
            "module.artifacts.data.archive_file.source_bing",
            "module.artifacts.google_storage_bucket.source"
          ]
        }
      ]
    },
    {
      "module": "module.artifacts",
      "mode": "managed",
      "type": "google_storage_bucket_object",
      "name": "source_cafepress",
      "provider": "provider[\"registry.terraform.io/hashicorp/google\"]",
      "instances": [
        {
          "schema_version": 0,
          "attributes": {
            "bucket": "torbjorn-zetterlund-gpiipr-source",
            "cache_control": "",
            "content": null,
            "content_disposition": "",
            "content_encoding": "",
            "content_language": "",
            "content_type": "application/zip",
            "crc32c": "n36IKg==",
            "detect_md5hash": "VLFgfVY5AktwiMuVtKvEdg==",
            "id": "torbjorn-zetterlund-gpiipr-source-gpiipr-testing-54b1607d5639024b7088cb95b4abc476_cafepress.zip",
            "kms_key_name": "",
            "md5hash": "VLFgfVY5AktwiMuVtKvEdg==",
            "media_link": "https://storage.googleapis.com/download/storage/v1/b/torbjorn-zetterlund-gpiipr-source/o/gpiipr-testing-54b1607d5639024b7088cb95b4abc476_cafepress.zip?generation=1624523880013756\u0026alt=media",
            "metadata": {},
            "name": "gpiipr-testing-54b1607d5639024b7088cb95b4abc476_cafepress.zip",
            "output_name": "gpiipr-testing-54b1607d5639024b7088cb95b4abc476_cafepress.zip",
            "self_link": "https://www.googleapis.com/storage/v1/b/torbjorn-zetterlund-gpiipr-source/o/gpiipr-testing-54b1607d5639024b7088cb95b4abc476_cafepress.zip",
            "source": "../artifacts/../../gp-techlab-cafepressbot/src/build/gpiipr_cafepress.zip",
            "storage_class": "STANDARD"
          },
          "sensitive_attributes": [],
          "private": "bnVsbA==",
          "dependencies": [
            "module.artifacts.data.archive_file.source_cafepress",
            "module.artifacts.google_storage_bucket.source"
          ]
        }
      ]
    },
    {
      "module": "module.artifacts",
      "mode": "managed",
      "type": "google_storage_bucket_object",
      "name": "source_duckduckgo",
      "provider": "provider[\"registry.terraform.io/hashicorp/google\"]",
      "instances": [
        {
          "schema_version": 0,
          "attributes": {
            "bucket": "torbjorn-zetterlund-gpiipr-source",
            "cache_control": "",
            "content": null,
            "content_disposition": "",
            "content_encoding": "",
            "content_language": "",
            "content_type": "application/zip",
            "crc32c": "Q5O/Ew==",
            "detect_md5hash": "rBkOjWAVkKrey2moytSviw==",
            "id": "torbjorn-zetterlund-gpiipr-source-gpiipr-testing-ac190e8d601590aadecb69a8cad4af8b_duckduckgo.zip",
            "kms_key_name": "",
            "md5hash": "rBkOjWAVkKrey2moytSviw==",
            "media_link": "https://storage.googleapis.com/download/storage/v1/b/torbjorn-zetterlund-gpiipr-source/o/gpiipr-testing-ac190e8d601590aadecb69a8cad4af8b_duckduckgo.zip?generation=1624534227963761\u0026alt=media",
            "metadata": null,
            "name": "gpiipr-testing-ac190e8d601590aadecb69a8cad4af8b_duckduckgo.zip",
            "output_name": "gpiipr-testing-ac190e8d601590aadecb69a8cad4af8b_duckduckgo.zip",
            "self_link": "https://www.googleapis.com/storage/v1/b/torbjorn-zetterlund-gpiipr-source/o/gpiipr-testing-ac190e8d601590aadecb69a8cad4af8b_duckduckgo.zip",
            "source": "../artifacts/../../gp-techlab-duckduckgobot/src/build/gpiipr_duckduckgo.zip",
            "storage_class": "STANDARD"
          },
          "sensitive_attributes": [],
          "private": "bnVsbA==",
          "dependencies": [
            "module.artifacts.data.archive_file.source_duckduckgo",
            "module.artifacts.google_storage_bucket.source"
          ]
        }
      ]
    },
    {
      "module": "module.artifacts",
      "mode": "managed",
      "type": "google_storage_bucket_object",
      "name": "source_ebay",
      "provider": "provider[\"registry.terraform.io/hashicorp/google\"]",
      "instances": [
        {
          "schema_version": 0,
          "attributes": {
            "bucket": "torbjorn-zetterlund-gpiipr-source",
            "cache_control": "",
            "content": null,
            "content_disposition": "",
            "content_encoding": "",
            "content_language": "",
            "content_type": "application/zip",
            "crc32c": "peWsKg==",
            "detect_md5hash": "A5IVyowg+oJhMNaxWuP7fw==",
            "id": "torbjorn-zetterlund-gpiipr-source-gpiipr-testing-039215ca8c20fa826130d6b15ae3fb7f_ebay.zip",
            "kms_key_name": "",
            "md5hash": "A5IVyowg+oJhMNaxWuP7fw==",
            "media_link": "https://storage.googleapis.com/download/storage/v1/b/torbjorn-zetterlund-gpiipr-source/o/gpiipr-testing-039215ca8c20fa826130d6b15ae3fb7f_ebay.zip?generation=1624534227941447\u0026alt=media",
            "metadata": null,
            "name": "gpiipr-testing-039215ca8c20fa826130d6b15ae3fb7f_ebay.zip",
            "output_name": "gpiipr-testing-039215ca8c20fa826130d6b15ae3fb7f_ebay.zip",
            "self_link": "https://www.googleapis.com/storage/v1/b/torbjorn-zetterlund-gpiipr-source/o/gpiipr-testing-039215ca8c20fa826130d6b15ae3fb7f_ebay.zip",
            "source": "../artifacts/../../gp-techlab-ebaysearchbot/src/build/gpiipr_ebay.zip",
            "storage_class": "STANDARD"
          },
          "sensitive_attributes": [],
          "private": "bnVsbA==",
          "dependencies": [
            "module.artifacts.data.archive_file.source_ebay",
            "module.artifacts.google_storage_bucket.source"
          ]
        }
      ]
    },
    {
      "module": "module.artifacts",
      "mode": "managed",
      "type": "google_storage_bucket_object",
      "name": "source_etsy",
      "provider": "provider[\"registry.terraform.io/hashicorp/google\"]",
      "instances": [
        {
          "schema_version": 0,
          "attributes": {
            "bucket": "torbjorn-zetterlund-gpiipr-source",
            "cache_control": "",
            "content": null,
            "content_disposition": "",
            "content_encoding": "",
            "content_language": "",
            "content_type": "application/zip",
            "crc32c": "BWCZEQ==",
            "detect_md5hash": "Yw9jx5tPlGIMi45pK6mTFw==",
            "id": "torbjorn-zetterlund-gpiipr-source-gpiipr-testing-630f63c79b4f94620c8b8e692ba99317_etsy.zip",
            "kms_key_name": "",
            "md5hash": "Yw9jx5tPlGIMi45pK6mTFw==",
            "media_link": "https://storage.googleapis.com/download/storage/v1/b/torbjorn-zetterlund-gpiipr-source/o/gpiipr-testing-630f63c79b4f94620c8b8e692ba99317_etsy.zip?generation=1624534227913029\u0026alt=media",
            "metadata": null,
            "name": "gpiipr-testing-630f63c79b4f94620c8b8e692ba99317_etsy.zip",
            "output_name": "gpiipr-testing-630f63c79b4f94620c8b8e692ba99317_etsy.zip",
            "self_link": "https://www.googleapis.com/storage/v1/b/torbjorn-zetterlund-gpiipr-source/o/gpiipr-testing-630f63c79b4f94620c8b8e692ba99317_etsy.zip",
            "source": "../artifacts/../../gp-techlab-etsysearch/src/build/gpiipr_etsy.zip",
            "storage_class": "STANDARD"
          },
          "sensitive_attributes": [],
          "private": "bnVsbA==",
          "dependencies": [
            "module.artifacts.data.archive_file.source_etsy",
            "module.artifacts.google_storage_bucket.source"
          ]
        }
      ]
    },
    {
      "module": "module.artifacts",
      "mode": "managed",
      "type": "google_storage_bucket_object",
      "name": "source_googlesearch",
      "provider": "provider[\"registry.terraform.io/hashicorp/google\"]",
      "instances": [
        {
          "schema_version": 0,
          "attributes": {
            "bucket": "torbjorn-zetterlund-gpiipr-source",
            "cache_control": "",
            "content": null,
            "content_disposition": "",
            "content_encoding": "",
            "content_language": "",
            "content_type": "application/zip",
            "crc32c": "w1VPOA==",
            "detect_md5hash": "ALZEqm2iCekRqau1s1Y9Sg==",
            "id": "torbjorn-zetterlund-gpiipr-source-gpiipr-testing-00b644aa6da209e911a9abb5b3563d4a_googlesearch.zip",
            "kms_key_name": "",
            "md5hash": "ALZEqm2iCekRqau1s1Y9Sg==",
            "media_link": "https://storage.googleapis.com/download/storage/v1/b/torbjorn-zetterlund-gpiipr-source/o/gpiipr-testing-00b644aa6da209e911a9abb5b3563d4a_googlesearch.zip?generation=1624534227967631\u0026alt=media",
            "metadata": null,
            "name": "gpiipr-testing-00b644aa6da209e911a9abb5b3563d4a_googlesearch.zip",
            "output_name": "gpiipr-testing-00b644aa6da209e911a9abb5b3563d4a_googlesearch.zip",
            "self_link": "https://www.googleapis.com/storage/v1/b/torbjorn-zetterlund-gpiipr-source/o/gpiipr-testing-00b644aa6da209e911a9abb5b3563d4a_googlesearch.zip",
            "source": "../artifacts/../../gp-techlab-googlesearchbot/src/build/gpiipr_googlesearch.zip",
            "storage_class": "STANDARD"
          },
          "sensitive_attributes": [],
          "private": "bnVsbA==",
          "dependencies": [
            "module.artifacts.data.archive_file.source_googlesearch",
            "module.artifacts.google_storage_bucket.source"
          ]
        }
      ]
    },
    {
      "module": "module.artifacts",
      "mode": "managed",
      "type": "google_storage_bucket_object",
      "name": "source_redbubble",
      "provider": "provider[\"registry.terraform.io/hashicorp/google\"]",
      "instances": [
        {
          "schema_version": 0,
          "attributes": {
            "bucket": "torbjorn-zetterlund-gpiipr-source",
            "cache_control": "",
            "content": null,
            "content_disposition": "",
            "content_encoding": "",
            "content_language": "",
            "content_type": "application/zip",
            "crc32c": "tGWBvQ==",
            "detect_md5hash": "3iPHd7y43gWXCAB1C2rwrQ==",
            "id": "torbjorn-zetterlund-gpiipr-source-gpiipr-testing-de23c777bcb8de05970800750b6af0ad_redbubble.zip",
            "kms_key_name": "",
            "md5hash": "3iPHd7y43gWXCAB1C2rwrQ==",
            "media_link": "https://storage.googleapis.com/download/storage/v1/b/torbjorn-zetterlund-gpiipr-source/o/gpiipr-testing-de23c777bcb8de05970800750b6af0ad_redbubble.zip?generation=1624534227941593\u0026alt=media",
            "metadata": null,
            "name": "gpiipr-testing-de23c777bcb8de05970800750b6af0ad_redbubble.zip",
            "output_name": "gpiipr-testing-de23c777bcb8de05970800750b6af0ad_redbubble.zip",
            "self_link": "https://www.googleapis.com/storage/v1/b/torbjorn-zetterlund-gpiipr-source/o/gpiipr-testing-de23c777bcb8de05970800750b6af0ad_redbubble.zip",
            "source": "../artifacts/../../gp-techlab-redbubblesearchbot/src/build/gpiipr_redbubble.zip",
            "storage_class": "STANDARD"
          },
          "sensitive_attributes": [],
          "private": "bnVsbA==",
          "dependencies": [
            "module.artifacts.data.archive_file.source_redbubble",
            "module.artifacts.google_storage_bucket.source"
          ]
        }
      ]
    },
    {
      "module": "module.artifacts",
      "mode": "managed",
      "type": "google_storage_bucket_object",
      "name": "source_spreadshirt",
      "provider": "provider[\"registry.terraform.io/hashicorp/google\"]",
      "instances": [
        {
          "schema_version": 0,
          "attributes": {
            "bucket": "torbjorn-zetterlund-gpiipr-source",
            "cache_control": "",
            "content": null,
            "content_disposition": "",
            "content_encoding": "",
            "content_language": "",
            "content_type": "application/zip",
            "crc32c": "B7paaw==",
            "detect_md5hash": "DH4SkEHqwJqNtwyBUcP0IQ==",
            "id": "torbjorn-zetterlund-gpiipr-source-gpiipr-testing-0c7e129041eac09a8db70c8151c3f421_spreadshit.zip",
            "kms_key_name": "",
            "md5hash": "DH4SkEHqwJqNtwyBUcP0IQ==",
            "media_link": "https://storage.googleapis.com/download/storage/v1/b/torbjorn-zetterlund-gpiipr-source/o/gpiipr-testing-0c7e129041eac09a8db70c8151c3f421_spreadshit.zip?generation=1624534227922472\u0026alt=media",
            "metadata": null,
            "name": "gpiipr-testing-0c7e129041eac09a8db70c8151c3f421_spreadshit.zip",
            "output_name": "gpiipr-testing-0c7e129041eac09a8db70c8151c3f421_spreadshit.zip",
            "self_link": "https://www.googleapis.com/storage/v1/b/torbjorn-zetterlund-gpiipr-source/o/gpiipr-testing-0c7e129041eac09a8db70c8151c3f421_spreadshit.zip",
            "source": "../artifacts/../../gp-techlab-spreadshirt/src/build/gpiipr_spreadshirt.zip",
            "storage_class": "STANDARD"
          },
          "sensitive_attributes": [],
          "private": "bnVsbA==",
          "dependencies": [
            "module.artifacts.data.archive_file.source_spreadshirt",
            "module.artifacts.google_storage_bucket.source"
          ]
        }
      ]
    },
    {
      "module": "module.artifacts",
      "mode": "managed",
      "type": "google_storage_bucket_object",
      "name": "source_teepublic",
      "provider": "provider[\"registry.terraform.io/hashicorp/google\"]",
      "instances": [
        {
          "schema_version": 0,
          "attributes": {
            "bucket": "torbjorn-zetterlund-gpiipr-source",
            "cache_control": "",
            "content": null,
            "content_disposition": "",
            "content_encoding": "",
            "content_language": "",
            "content_type": "application/zip",
            "crc32c": "w2X7ww==",
            "detect_md5hash": "5bnDW+J4kAPI+Gy0OHnSNw==",
            "id": "torbjorn-zetterlund-gpiipr-source-gpiipr-testing-e5b9c35be2789003c8f86cb43879d237_teepublic.zip",
            "kms_key_name": "",
            "md5hash": "5bnDW+J4kAPI+Gy0OHnSNw==",
            "media_link": "https://storage.googleapis.com/download/storage/v1/b/torbjorn-zetterlund-gpiipr-source/o/gpiipr-testing-e5b9c35be2789003c8f86cb43879d237_teepublic.zip?generation=1624534227944358\u0026alt=media",
            "metadata": null,
            "name": "gpiipr-testing-e5b9c35be2789003c8f86cb43879d237_teepublic.zip",
            "output_name": "gpiipr-testing-e5b9c35be2789003c8f86cb43879d237_teepublic.zip",
            "self_link": "https://www.googleapis.com/storage/v1/b/torbjorn-zetterlund-gpiipr-source/o/gpiipr-testing-e5b9c35be2789003c8f86cb43879d237_teepublic.zip",
            "source": "../artifacts/../../gp-techlab-teepublic/src/build/gpiipr_teepublic.zip",
            "storage_class": "STANDARD"
          },
          "sensitive_attributes": [],
          "private": "bnVsbA==",
          "dependencies": [
            "module.artifacts.data.archive_file.source_teepublic",
            "module.artifacts.google_storage_bucket.source"
          ]
        }
      ]
    },
    {
      "module": "module.example",
      "mode": "managed",
      "type": "google_cloud_scheduler_job",
      "name": "ali",
      "provider": "module.example.provider[\"registry.terraform.io/hashicorp/google\"]",
      "instances": [
        {
          "schema_version": 0,
          "attributes": {
            "app_engine_http_target": [],
            "attempt_deadline": "320s",
            "description": "Search BOT ALI EXPRESS",
            "http_target": [
              {
                "body": "",
                "headers": {},
                "http_method": "GET",
                "oauth_token": [],
                "oidc_token": [
                  {
                    "audience": "https://us-central1-torbjorn-zetterlund.cloudfunctions.net/gpiipr_gpiipr_dev_ali",
                    "service_account_email": "gpiipr-gpiipr-dev@torbjorn-zetterlund.iam.gserviceaccount.com"
                  }
                ],
                "uri": "https://us-central1-torbjorn-zetterlund.cloudfunctions.net/gpiipr_gpiipr_dev_ali"
              }
            ],
            "id": "projects/torbjorn-zetterlund/locations/us-central1/jobs/Search_BOT_ALI_EXPRESS",
            "name": "Search_BOT_ALI_EXPRESS",
            "project": "torbjorn-zetterlund",
            "pubsub_target": [],
            "region": "us-central1",
            "retry_config": [],
            "schedule": "0 4 * * *",
            "time_zone": "Europe/Amsterdam",
            "timeouts": null
          },
          "sensitive_attributes": [],
          "private": "eyJlMmJmYjczMC1lY2FhLTExZTYtOGY4OC0zNDM2M2JjN2M0YzAiOnsiY3JlYXRlIjoyNDAwMDAwMDAwMDAsImRlbGV0ZSI6MjQwMDAwMDAwMDAwLCJ1cGRhdGUiOjI0MDAwMDAwMDAwMH19",
          "dependencies": [
            "module.example.google_service_account.function",
            "module.artifacts.data.archive_file.source_ali",
            "module.artifacts.google_storage_bucket.source",
            "module.artifacts.google_storage_bucket_object.source_ali",
            "module.example.google_cloudfunctions_function.ali"
          ]
        }
      ]
    },
    {
      "module": "module.example",
      "mode": "managed",
      "type": "google_cloud_scheduler_job",
      "name": "amazon",
      "provider": "module.example.provider[\"registry.terraform.io/hashicorp/google\"]",
      "instances": [
        {
          "schema_version": 0,
          "attributes": {
            "app_engine_http_target": [],
            "attempt_deadline": "320s",
            "description": "Search BOT AMAZON",
            "http_target": [
              {
                "body": "",
                "headers": {},
                "http_method": "GET",
                "oauth_token": [],
                "oidc_token": [
                  {
                    "audience": "https://us-central1-torbjorn-zetterlund.cloudfunctions.net/gpiipr_extract_dev_amazon",
                    "service_account_email": "gpiipr-extract-dev@torbjorn-zetterlund.iam.gserviceaccount.com"
                  }
                ],
                "uri": "https://us-central1-torbjorn-zetterlund.cloudfunctions.net/gpiipr_extract_dev_amazon"
              }
            ],
            "id": "projects/torbjorn-zetterlund/locations/us-central1/jobs/Search_BOT_AMAZON",
            "name": "Search_BOT_AMAZON",
            "project": "torbjorn-zetterlund",
            "pubsub_target": [],
            "region": "us-central1",
            "retry_config": [],
            "schedule": "10 9 * * 1",
            "time_zone": "Europe/Amsterdam",
            "timeouts": null
          },
          "sensitive_attributes": [],
          "private": "eyJlMmJmYjczMC1lY2FhLTExZTYtOGY4OC0zNDM2M2JjN2M0YzAiOnsiY3JlYXRlIjoyNDAwMDAwMDAwMDAsImRlbGV0ZSI6MjQwMDAwMDAwMDAwLCJ1cGRhdGUiOjI0MDAwMDAwMDAwMH19",
          "dependencies": [
            "module.artifacts.google_storage_bucket.source",
            "module.artifacts.google_storage_bucket_object.source_amazon",
            "module.example.google_cloudfunctions_function.amazon",
            "module.example.google_service_account.function"
          ]
        }
      ]
    },
    {
      "module": "module.example",
      "mode": "managed",
      "type": "google_cloud_scheduler_job",
      "name": "bing",
      "provider": "module.example.provider[\"registry.terraform.io/hashicorp/google\"]",
      "instances": []
    },
    {
      "module": "module.example",
      "mode": "managed",
      "type": "google_cloud_scheduler_job",
      "name": "cafepress",
      "provider": "module.example.provider[\"registry.terraform.io/hashicorp/google\"]",
      "instances": [
        {
          "schema_version": 0,
          "attributes": {
            "app_engine_http_target": [],
            "attempt_deadline": "320s",
            "description": "Search BOT CAFEPRESS",
            "http_target": [
              {
                "body": "",
                "headers": {},
                "http_method": "GET",
                "oauth_token": [],
                "oidc_token": [
                  {
                    "audience": "https://us-central1-torbjorn-zetterlund.cloudfunctions.net/gpiipr_extract_dev_cafepress",
                    "service_account_email": "gpiipr-extract-dev@torbjorn-zetterlund.iam.gserviceaccount.com"
                  }
                ],
                "uri": "https://us-central1-torbjorn-zetterlund.cloudfunctions.net/gpiipr_extract_dev_cafepress"
              }
            ],
            "id": "projects/torbjorn-zetterlund/locations/us-central1/jobs/Search_BOT_CAFEPRESS",
            "name": "Search_BOT_CAFEPRESS",
            "project": "torbjorn-zetterlund",
            "pubsub_target": [],
            "region": "us-central1",
            "retry_config": [],
            "schedule": "20 9 * * 1",
            "time_zone": "Europe/Amsterdam",
            "timeouts": null
          },
          "sensitive_attributes": [],
          "private": "eyJlMmJmYjczMC1lY2FhLTExZTYtOGY4OC0zNDM2M2JjN2M0YzAiOnsiY3JlYXRlIjoyNDAwMDAwMDAwMDAsImRlbGV0ZSI6MjQwMDAwMDAwMDAwLCJ1cGRhdGUiOjI0MDAwMDAwMDAwMH19",
          "dependencies": [
            "module.artifacts.google_storage_bucket.source",
            "module.artifacts.google_storage_bucket_object.source_cafepress",
            "module.example.google_cloudfunctions_function.cafepress",
            "module.example.google_service_account.function"
          ]
        }
      ]
    },
    {
      "module": "module.example",
      "mode": "managed",
      "type": "google_cloud_scheduler_job",
      "name": "duckduckgo",
      "provider": "module.example.provider[\"registry.terraform.io/hashicorp/google\"]",
      "instances": []
    },
    {
      "module": "module.example",
      "mode": "managed",
      "type": "google_cloud_scheduler_job",
      "name": "ebay",
      "provider": "module.example.provider[\"registry.terraform.io/hashicorp/google\"]",
      "instances": [
        {
          "schema_version": 0,
          "attributes": {
            "app_engine_http_target": [],
            "attempt_deadline": "320s",
            "description": "Search BOT EBAY",
            "http_target": [
              {
                "body": "",
                "headers": null,
                "http_method": "GET",
                "oauth_token": [],
                "oidc_token": [
                  {
                    "audience": "https://us-central1-torbjorn-zetterlund.cloudfunctions.net/gpiipr_extract_dev_ebay",
                    "service_account_email": "gpiipr-extract-dev@torbjorn-zetterlund.iam.gserviceaccount.com"
                  }
                ],
                "uri": "https://us-central1-torbjorn-zetterlund.cloudfunctions.net/gpiipr_extract_dev_ebay"
              }
            ],
            "id": "projects/torbjorn-zetterlund/locations/us-central1/jobs/Search_BOT_EBAY",
            "name": "Search_BOT_EBAY",
            "project": "torbjorn-zetterlund",
            "pubsub_target": [],
            "region": "us-central1",
            "retry_config": [],
            "schedule": "30 9 * * 1",
            "time_zone": "Europe/Amsterdam",
            "timeouts": null
          },
          "sensitive_attributes": [],
          "private": "eyJlMmJmYjczMC1lY2FhLTExZTYtOGY4OC0zNDM2M2JjN2M0YzAiOnsiY3JlYXRlIjoyNDAwMDAwMDAwMDAsImRlbGV0ZSI6MjQwMDAwMDAwMDAwLCJ1cGRhdGUiOjI0MDAwMDAwMDAwMH19",
          "dependencies": [
            "module.artifacts.data.archive_file.source_ebay",
            "module.artifacts.google_storage_bucket.source",
            "module.artifacts.google_storage_bucket_object.source_ebay",
            "module.example.google_cloudfunctions_function.ebay",
            "module.example.google_service_account.function"
          ]
        }
      ]
    },
    {
      "module": "module.example",
      "mode": "managed",
      "type": "google_cloud_scheduler_job",
      "name": "etsy",
      "provider": "module.example.provider[\"registry.terraform.io/hashicorp/google\"]",
      "instances": [
        {
          "schema_version": 0,
          "attributes": {
            "app_engine_http_target": [],
            "attempt_deadline": "320s",
            "description": "Search BOT ETSY",
            "http_target": [
              {
                "body": "",
                "headers": null,
                "http_method": "GET",
                "oauth_token": [],
                "oidc_token": [
                  {
                    "audience": "https://us-central1-torbjorn-zetterlund.cloudfunctions.net/gpiipr_extract_dev_etsy",
                    "service_account_email": "gpiipr-extract-dev@torbjorn-zetterlund.iam.gserviceaccount.com"
                  }
                ],
                "uri": "https://us-central1-torbjorn-zetterlund.cloudfunctions.net/gpiipr_extract_dev_etsy"
              }
            ],
            "id": "projects/torbjorn-zetterlund/locations/us-central1/jobs/Search_BOT_ETSY",
            "name": "Search_BOT_ETSY",
            "project": "torbjorn-zetterlund",
            "pubsub_target": [],
            "region": "us-central1",
            "retry_config": [],
            "schedule": "40 9 * * 1",
            "time_zone": "Europe/Amsterdam",
            "timeouts": null
          },
          "sensitive_attributes": [],
          "private": "eyJlMmJmYjczMC1lY2FhLTExZTYtOGY4OC0zNDM2M2JjN2M0YzAiOnsiY3JlYXRlIjoyNDAwMDAwMDAwMDAsImRlbGV0ZSI6MjQwMDAwMDAwMDAwLCJ1cGRhdGUiOjI0MDAwMDAwMDAwMH19",
          "dependencies": [
            "module.artifacts.data.archive_file.source_etsy",
            "module.artifacts.google_storage_bucket.source",
            "module.artifacts.google_storage_bucket_object.source_etsy",
            "module.example.google_cloudfunctions_function.etsy",
            "module.example.google_service_account.function"
          ]
        }
      ]
    },
    {
      "module": "module.example",
      "mode": "managed",
      "type": "google_cloud_scheduler_job",
      "name": "googlesearch",
      "provider": "module.example.provider[\"registry.terraform.io/hashicorp/google\"]",
      "instances": []
    },
    {
      "module": "module.example",
      "mode": "managed",
      "type": "google_cloud_scheduler_job",
      "name": "redbubble",
      "provider": "module.example.provider[\"registry.terraform.io/hashicorp/google\"]",
      "instances": [
        {
          "schema_version": 0,
          "attributes": {
            "app_engine_http_target": [],
            "attempt_deadline": "320s",
            "description": "Search BOT REDBUBBLE",
            "http_target": [
              {
                "body": "",
                "headers": null,
                "http_method": "GET",
                "oauth_token": [],
                "oidc_token": [
                  {
                    "audience": "https://us-central1-torbjorn-zetterlund.cloudfunctions.net/gpiipr_extract_dev_redbubble",
                    "service_account_email": "gpiipr-extract-dev@torbjorn-zetterlund.iam.gserviceaccount.com"
                  }
                ],
                "uri": "https://us-central1-torbjorn-zetterlund.cloudfunctions.net/gpiipr_extract_dev_redbubble"
              }
            ],
            "id": "projects/torbjorn-zetterlund/locations/us-central1/jobs/Search_BOT_REDBUBBLE",
            "name": "Search_BOT_REDBUBBLE",
            "project": "torbjorn-zetterlund",
            "pubsub_target": [],
            "region": "us-central1",
            "retry_config": [],
            "schedule": "50 9 * * 1",
            "time_zone": "Europe/Amsterdam",
            "timeouts": null
          },
          "sensitive_attributes": [],
          "private": "eyJlMmJmYjczMC1lY2FhLTExZTYtOGY4OC0zNDM2M2JjN2M0YzAiOnsiY3JlYXRlIjoyNDAwMDAwMDAwMDAsImRlbGV0ZSI6MjQwMDAwMDAwMDAwLCJ1cGRhdGUiOjI0MDAwMDAwMDAwMH19",
          "dependencies": [
            "module.artifacts.data.archive_file.source_redbubble",
            "module.artifacts.google_storage_bucket.source",
            "module.artifacts.google_storage_bucket_object.source_redbubble",
            "module.example.google_cloudfunctions_function.redbubble",
            "module.example.google_service_account.function"
          ]
        }
      ]
    },
    {
      "module": "module.example",
      "mode": "managed",
      "type": "google_cloud_scheduler_job",
      "name": "spreadshirt",
      "provider": "module.example.provider[\"registry.terraform.io/hashicorp/google\"]",
      "instances": [
        {
          "schema_version": 0,
          "attributes": {
            "app_engine_http_target": [],
            "attempt_deadline": "320s",
            "description": "Search BOT SPREADSHIRT",
            "http_target": [
              {
                "body": "",
                "headers": null,
                "http_method": "GET",
                "oauth_token": [],
                "oidc_token": [
                  {
                    "audience": "https://us-central1-torbjorn-zetterlund.cloudfunctions.net/gpiipr_extract_dev_spreadshirt",
                    "service_account_email": "gpiipr-extract-dev@torbjorn-zetterlund.iam.gserviceaccount.com"
                  }
                ],
                "uri": "https://us-central1-torbjorn-zetterlund.cloudfunctions.net/gpiipr_extract_dev_spreadshirt"
              }
            ],
            "id": "projects/torbjorn-zetterlund/locations/us-central1/jobs/Search_BOT_SPREADSHIRT",
            "name": "Search_BOT_SPREADSHIRT",
            "project": "torbjorn-zetterlund",
            "pubsub_target": [],
            "region": "us-central1",
            "retry_config": [],
            "schedule": "0 10 * * 1",
            "time_zone": "Europe/Amsterdam",
            "timeouts": null
          },
          "sensitive_attributes": [],
          "private": "eyJlMmJmYjczMC1lY2FhLTExZTYtOGY4OC0zNDM2M2JjN2M0YzAiOnsiY3JlYXRlIjoyNDAwMDAwMDAwMDAsImRlbGV0ZSI6MjQwMDAwMDAwMDAwLCJ1cGRhdGUiOjI0MDAwMDAwMDAwMH19",
          "dependencies": [
            "module.artifacts.data.archive_file.source_spreadshirt",
            "module.artifacts.google_storage_bucket.source",
            "module.artifacts.google_storage_bucket_object.source_spreadshirt",
            "module.example.google_cloudfunctions_function.spreadshirt",
            "module.example.google_service_account.function"
          ]
        }
      ]
    },
    {
      "module": "module.example",
      "mode": "managed",
      "type": "google_cloud_scheduler_job",
      "name": "teepublic",
      "provider": "module.example.provider[\"registry.terraform.io/hashicorp/google\"]",
      "instances": [
        {
          "schema_version": 0,
          "attributes": {
            "app_engine_http_target": [],
            "attempt_deadline": "320s",
            "description": "Search BOT TEEPUBLIC",
            "http_target": [
              {
                "body": "",
                "headers": null,
                "http_method": "GET",
                "oauth_token": [],
                "oidc_token": [
                  {
                    "audience": "https://us-central1-torbjorn-zetterlund.cloudfunctions.net/gpiipr_extract_dev_teepublic",
                    "service_account_email": "gpiipr-extract-dev@torbjorn-zetterlund.iam.gserviceaccount.com"
                  }
                ],
                "uri": "https://us-central1-torbjorn-zetterlund.cloudfunctions.net/gpiipr_extract_dev_teepublic"
              }
            ],
            "id": "projects/torbjorn-zetterlund/locations/us-central1/jobs/Search_BOT_TEEPUBLIC",
            "name": "Search_BOT_TEEPUBLIC",
            "project": "torbjorn-zetterlund",
            "pubsub_target": [],
            "region": "us-central1",
            "retry_config": [],
            "schedule": "10 10 * * 1",
            "time_zone": "Europe/Amsterdam",
            "timeouts": null
          },
          "sensitive_attributes": [],
          "private": "eyJlMmJmYjczMC1lY2FhLTExZTYtOGY4OC0zNDM2M2JjN2M0YzAiOnsiY3JlYXRlIjoyNDAwMDAwMDAwMDAsImRlbGV0ZSI6MjQwMDAwMDAwMDAwLCJ1cGRhdGUiOjI0MDAwMDAwMDAwMH19",
          "dependencies": [
            "module.artifacts.data.archive_file.source_teepublic",
            "module.artifacts.google_storage_bucket.source",
            "module.artifacts.google_storage_bucket_object.source_teepublic",
            "module.example.google_cloudfunctions_function.teepublic",
            "module.example.google_service_account.function"
          ]
        }
      ]
    },
    {
      "module": "module.example",
      "mode": "managed",
      "type": "google_cloudfunctions_function",
      "name": "ali",
      "provider": "module.example.provider[\"registry.terraform.io/hashicorp/google\"]",
      "instances": [
        {
          "status": "tainted",
          "schema_version": 0,
          "attributes": {
            "available_memory_mb": 1024,
            "build_environment_variables": null,
            "description": null,
            "entry_point": "main",
            "environment_variables": {
              "ENTITY": "extract",
              "ENVIRONMENT": "dev",
              "PROJECT": "torbjorn-zetterlund"
            },
            "event_trigger": null,
            "https_trigger_url": null,
            "id": "projects/torbjorn-zetterlund/locations/us-central1/functions/gpiipr_extract_dev_ali",
            "ingress_settings": "ALLOW_ALL",
            "labels": null,
            "max_instances": 0,
            "name": "gpiipr_extract_dev_ali",
            "project": "torbjorn-zetterlund",
            "region": "us-central1",
            "runtime": "python37",
            "service_account_email": "gpiipr-extract-dev@torbjorn-zetterlund.iam.gserviceaccount.com",
            "source_archive_bucket": "torbjorn-zetterlund-gpiipr-source",
            "source_archive_object": "gpiipr-testing-11934aee36460d5c5a24eb17b526eb1d_ali.zip",
            "source_repository": [],
            "timeout": 540,
            "timeouts": null,
            "trigger_http": true,
            "vpc_connector": null,
            "vpc_connector_egress_settings": null
          },
          "sensitive_attributes": [],
          "private": "eyJlMmJmYjczMC1lY2FhLTExZTYtOGY4OC0zNDM2M2JjN2M0YzAiOnsiY3JlYXRlIjozMDAwMDAwMDAwMDAsImRlbGV0ZSI6MzAwMDAwMDAwMDAwLCJyZWFkIjozMDAwMDAwMDAwMDAsInVwZGF0ZSI6MzAwMDAwMDAwMDAwfX0=",
          "dependencies": [
            "module.artifacts.google_storage_bucket.source",
            "module.artifacts.google_storage_bucket_object.source_ali",
            "module.example.google_service_account.function"
          ]
        }
      ]
    },
    {
      "module": "module.example",
      "mode": "managed",
      "type": "google_cloudfunctions_function",
      "name": "amazon",
      "provider": "module.example.provider[\"registry.terraform.io/hashicorp/google\"]",
      "instances": [
        {
          "schema_version": 0,
          "attributes": {
            "available_memory_mb": 1024,
            "build_environment_variables": null,
            "description": "",
            "entry_point": "main",
            "environment_variables": {
              "ENTITY": "extract",
              "ENVIRONMENT": "dev",
              "PROJECT": "torbjorn-zetterlund"
            },
            "event_trigger": [],
            "https_trigger_url": "https://us-central1-torbjorn-zetterlund.cloudfunctions.net/gpiipr_extract_dev_amazon",
            "id": "projects/torbjorn-zetterlund/locations/us-central1/functions/gpiipr_extract_dev_amazon",
            "ingress_settings": "ALLOW_ALL",
            "labels": null,
            "max_instances": 0,
            "name": "gpiipr_extract_dev_amazon",
            "project": "torbjorn-zetterlund",
            "region": "us-central1",
            "runtime": "python37",
            "service_account_email": "gpiipr-extract-dev@torbjorn-zetterlund.iam.gserviceaccount.com",
            "source_archive_bucket": "torbjorn-zetterlund-gpiipr-source",
            "source_archive_object": "gpiipr-testing-190a23dc5d18ff659b621c0148076de4_amazon.zip",
            "source_repository": [],
            "timeout": 540,
            "timeouts": null,
            "trigger_http": true,
            "vpc_connector": "",
            "vpc_connector_egress_settings": ""
          },
          "sensitive_attributes": [],
          "private": "eyJlMmJmYjczMC1lY2FhLTExZTYtOGY4OC0zNDM2M2JjN2M0YzAiOnsiY3JlYXRlIjozMDAwMDAwMDAwMDAsImRlbGV0ZSI6MzAwMDAwMDAwMDAwLCJyZWFkIjozMDAwMDAwMDAwMDAsInVwZGF0ZSI6MzAwMDAwMDAwMDAwfX0=",
          "dependencies": [
            "module.artifacts.google_storage_bucket.source",
            "module.artifacts.google_storage_bucket_object.source_amazon",
            "module.example.google_service_account.function"
          ]
        }
      ]
    },
    {
      "module": "module.example",
      "mode": "managed",
      "type": "google_cloudfunctions_function",
      "name": "bing",
      "provider": "module.example.provider[\"registry.terraform.io/hashicorp/google\"]",
      "instances": [
        {
          "status": "tainted",
          "schema_version": 0,
          "attributes": {
            "available_memory_mb": 1024,
            "build_environment_variables": null,
            "description": null,
            "entry_point": "main",
            "environment_variables": {
              "ENTITY": "extract",
              "ENVIRONMENT": "dev",
              "PROJECT": "torbjorn-zetterlund"
            },
            "event_trigger": null,
            "https_trigger_url": null,
            "id": "projects/torbjorn-zetterlund/locations/us-central1/functions/gpiipr_extract_dev_bing",
            "ingress_settings": "ALLOW_ALL",
            "labels": null,
            "max_instances": 0,
            "name": "gpiipr_extract_dev_bing",
            "project": "torbjorn-zetterlund",
            "region": "us-central1",
            "runtime": "python37",
            "service_account_email": "gpiipr-extract-dev@torbjorn-zetterlund.iam.gserviceaccount.com",
            "source_archive_bucket": "torbjorn-zetterlund-gpiipr-source",
            "source_archive_object": "gpiipr-testing-21e947dec3a6cff25339d2c8006b22ad_bing.zip",
            "source_repository": [],
            "timeout": 540,
            "timeouts": null,
            "trigger_http": true,
            "vpc_connector": null,
            "vpc_connector_egress_settings": null
          },
          "sensitive_attributes": [],
          "private": "eyJlMmJmYjczMC1lY2FhLTExZTYtOGY4OC0zNDM2M2JjN2M0YzAiOnsiY3JlYXRlIjozMDAwMDAwMDAwMDAsImRlbGV0ZSI6MzAwMDAwMDAwMDAwLCJyZWFkIjozMDAwMDAwMDAwMDAsInVwZGF0ZSI6MzAwMDAwMDAwMDAwfX0=",
          "dependencies": [
            "module.artifacts.google_storage_bucket.source",
            "module.artifacts.google_storage_bucket_object.source_bing",
            "module.example.google_service_account.function"
          ]
        }
      ]
    },
    {
      "module": "module.example",
      "mode": "managed",
      "type": "google_cloudfunctions_function",
      "name": "cafepress",
      "provider": "module.example.provider[\"registry.terraform.io/hashicorp/google\"]",
      "instances": [
        {
          "schema_version": 0,
          "attributes": {
            "available_memory_mb": 1024,
            "build_environment_variables": null,
            "description": "",
            "entry_point": "main",
            "environment_variables": {
              "ENTITY": "extract",
              "ENVIRONMENT": "dev",
              "PROJECT": "torbjorn-zetterlund"
            },
            "event_trigger": [],
            "https_trigger_url": "https://us-central1-torbjorn-zetterlund.cloudfunctions.net/gpiipr_extract_dev_cafepress",
            "id": "projects/torbjorn-zetterlund/locations/us-central1/functions/gpiipr_extract_dev_cafepress",
            "ingress_settings": "ALLOW_ALL",
            "labels": null,
            "max_instances": 0,
            "name": "gpiipr_extract_dev_cafepress",
            "project": "torbjorn-zetterlund",
            "region": "us-central1",
            "runtime": "python37",
            "service_account_email": "gpiipr-extract-dev@torbjorn-zetterlund.iam.gserviceaccount.com",
            "source_archive_bucket": "torbjorn-zetterlund-gpiipr-source",
            "source_archive_object": "gpiipr-testing-54b1607d5639024b7088cb95b4abc476_cafepress.zip",
            "source_repository": [],
            "timeout": 540,
            "timeouts": null,
            "trigger_http": true,
            "vpc_connector": "",
            "vpc_connector_egress_settings": ""
          },
          "sensitive_attributes": [],
          "private": "eyJlMmJmYjczMC1lY2FhLTExZTYtOGY4OC0zNDM2M2JjN2M0YzAiOnsiY3JlYXRlIjozMDAwMDAwMDAwMDAsImRlbGV0ZSI6MzAwMDAwMDAwMDAwLCJyZWFkIjozMDAwMDAwMDAwMDAsInVwZGF0ZSI6MzAwMDAwMDAwMDAwfX0=",
          "dependencies": [
            "module.artifacts.google_storage_bucket.source",
            "module.artifacts.google_storage_bucket_object.source_cafepress",
            "module.example.google_service_account.function"
          ]
        }
      ]
    },
    {
      "module": "module.example",
      "mode": "managed",
      "type": "google_cloudfunctions_function",
      "name": "duckduckgo",
      "provider": "module.example.provider[\"registry.terraform.io/hashicorp/google\"]",
      "instances": [
        {
          "status": "tainted",
          "schema_version": 0,
          "attributes": {
            "available_memory_mb": 1024,
            "build_environment_variables": null,
            "description": null,
            "entry_point": "main",
            "environment_variables": {
              "ENTITY": "extract",
              "ENVIRONMENT": "dev",
              "PROJECT": "torbjorn-zetterlund"
            },
            "event_trigger": null,
            "https_trigger_url": null,
            "id": "projects/torbjorn-zetterlund/locations/us-central1/functions/gpiipr_extract_dev_duckduckgo",
            "ingress_settings": "ALLOW_ALL",
            "labels": null,
            "max_instances": 0,
            "name": "gpiipr_extract_dev_duckduckgo",
            "project": "torbjorn-zetterlund",
            "region": "us-central1",
            "runtime": "python37",
            "service_account_email": "gpiipr-extract-dev@torbjorn-zetterlund.iam.gserviceaccount.com",
            "source_archive_bucket": "torbjorn-zetterlund-gpiipr-source",
            "source_archive_object": "gpiipr-testing-ac190e8d601590aadecb69a8cad4af8b_duckduckgo.zip",
            "source_repository": [],
            "timeout": 540,
            "timeouts": null,
            "trigger_http": true,
            "vpc_connector": null,
            "vpc_connector_egress_settings": null
          },
          "sensitive_attributes": [],
          "private": "eyJlMmJmYjczMC1lY2FhLTExZTYtOGY4OC0zNDM2M2JjN2M0YzAiOnsiY3JlYXRlIjozMDAwMDAwMDAwMDAsImRlbGV0ZSI6MzAwMDAwMDAwMDAwLCJyZWFkIjozMDAwMDAwMDAwMDAsInVwZGF0ZSI6MzAwMDAwMDAwMDAwfX0=",
          "dependencies": [
            "module.artifacts.data.archive_file.source_duckduckgo",
            "module.artifacts.google_storage_bucket.source",
            "module.artifacts.google_storage_bucket_object.source_duckduckgo",
            "module.example.google_service_account.function"
          ]
        }
      ]
    },
    {
      "module": "module.example",
      "mode": "managed",
      "type": "google_cloudfunctions_function",
      "name": "ebay",
      "provider": "module.example.provider[\"registry.terraform.io/hashicorp/google\"]",
      "instances": [
        {
          "schema_version": 0,
          "attributes": {
            "available_memory_mb": 1024,
            "build_environment_variables": null,
            "description": "",
            "entry_point": "main",
            "environment_variables": {
              "ENTITY": "extract",
              "ENVIRONMENT": "dev",
              "PROJECT": "torbjorn-zetterlund"
            },
            "event_trigger": [],
            "https_trigger_url": "https://us-central1-torbjorn-zetterlund.cloudfunctions.net/gpiipr_extract_dev_ebay",
            "id": "projects/torbjorn-zetterlund/locations/us-central1/functions/gpiipr_extract_dev_ebay",
            "ingress_settings": "ALLOW_ALL",
            "labels": null,
            "max_instances": 0,
            "name": "gpiipr_extract_dev_ebay",
            "project": "torbjorn-zetterlund",
            "region": "us-central1",
            "runtime": "python37",
            "service_account_email": "gpiipr-extract-dev@torbjorn-zetterlund.iam.gserviceaccount.com",
            "source_archive_bucket": "torbjorn-zetterlund-gpiipr-source",
            "source_archive_object": "gpiipr-testing-039215ca8c20fa826130d6b15ae3fb7f_ebay.zip",
            "source_repository": [],
            "timeout": 540,
            "timeouts": null,
            "trigger_http": true,
            "vpc_connector": "",
            "vpc_connector_egress_settings": ""
          },
          "sensitive_attributes": [],
          "private": "eyJlMmJmYjczMC1lY2FhLTExZTYtOGY4OC0zNDM2M2JjN2M0YzAiOnsiY3JlYXRlIjozMDAwMDAwMDAwMDAsImRlbGV0ZSI6MzAwMDAwMDAwMDAwLCJyZWFkIjozMDAwMDAwMDAwMDAsInVwZGF0ZSI6MzAwMDAwMDAwMDAwfX0=",
          "dependencies": [
            "module.artifacts.data.archive_file.source_ebay",
            "module.artifacts.google_storage_bucket.source",
            "module.artifacts.google_storage_bucket_object.source_ebay",
            "module.example.google_service_account.function"
          ]
        }
      ]
    },
    {
      "module": "module.example",
      "mode": "managed",
      "type": "google_cloudfunctions_function",
      "name": "etsy",
      "provider": "module.example.provider[\"registry.terraform.io/hashicorp/google\"]",
      "instances": [
        {
          "schema_version": 0,
          "attributes": {
            "available_memory_mb": 1024,
            "build_environment_variables": null,
            "description": "",
            "entry_point": "main",
            "environment_variables": {
              "ENTITY": "extract",
              "ENVIRONMENT": "dev",
              "PROJECT": "torbjorn-zetterlund"
            },
            "event_trigger": [],
            "https_trigger_url": "https://us-central1-torbjorn-zetterlund.cloudfunctions.net/gpiipr_extract_dev_etsy",
            "id": "projects/torbjorn-zetterlund/locations/us-central1/functions/gpiipr_extract_dev_etsy",
            "ingress_settings": "ALLOW_ALL",
            "labels": null,
            "max_instances": 0,
            "name": "gpiipr_extract_dev_etsy",
            "project": "torbjorn-zetterlund",
            "region": "us-central1",
            "runtime": "python37",
            "service_account_email": "gpiipr-extract-dev@torbjorn-zetterlund.iam.gserviceaccount.com",
            "source_archive_bucket": "torbjorn-zetterlund-gpiipr-source",
            "source_archive_object": "gpiipr-testing-630f63c79b4f94620c8b8e692ba99317_etsy.zip",
            "source_repository": [],
            "timeout": 540,
            "timeouts": null,
            "trigger_http": true,
            "vpc_connector": "",
            "vpc_connector_egress_settings": ""
          },
          "sensitive_attributes": [],
          "private": "eyJlMmJmYjczMC1lY2FhLTExZTYtOGY4OC0zNDM2M2JjN2M0YzAiOnsiY3JlYXRlIjozMDAwMDAwMDAwMDAsImRlbGV0ZSI6MzAwMDAwMDAwMDAwLCJyZWFkIjozMDAwMDAwMDAwMDAsInVwZGF0ZSI6MzAwMDAwMDAwMDAwfX0=",
          "dependencies": [
            "module.artifacts.data.archive_file.source_etsy",
            "module.artifacts.google_storage_bucket.source",
            "module.artifacts.google_storage_bucket_object.source_etsy",
            "module.example.google_service_account.function"
          ]
        }
      ]
    },
    {
      "module": "module.example",
      "mode": "managed",
      "type": "google_cloudfunctions_function",
      "name": "googlesearch",
      "provider": "module.example.provider[\"registry.terraform.io/hashicorp/google\"]",
      "instances": [
        {
          "status": "tainted",
          "schema_version": 0,
          "attributes": {
            "available_memory_mb": 1024,
            "build_environment_variables": null,
            "description": null,
            "entry_point": "main",
            "environment_variables": {
              "ENTITY": "extract",
              "ENVIRONMENT": "dev",
              "PROJECT": "torbjorn-zetterlund"
            },
            "event_trigger": null,
            "https_trigger_url": null,
            "id": "projects/torbjorn-zetterlund/locations/us-central1/functions/gpiipr_extract_dev_googlesearch",
            "ingress_settings": "ALLOW_ALL",
            "labels": null,
            "max_instances": 0,
            "name": "gpiipr_extract_dev_googlesearch",
            "project": "torbjorn-zetterlund",
            "region": "us-central1",
            "runtime": "python37",
            "service_account_email": "gpiipr-extract-dev@torbjorn-zetterlund.iam.gserviceaccount.com",
            "source_archive_bucket": "torbjorn-zetterlund-gpiipr-source",
            "source_archive_object": "gpiipr-testing-00b644aa6da209e911a9abb5b3563d4a_googlesearch.zip",
            "source_repository": [],
            "timeout": 540,
            "timeouts": null,
            "trigger_http": true,
            "vpc_connector": null,
            "vpc_connector_egress_settings": null
          },
          "sensitive_attributes": [],
          "private": "eyJlMmJmYjczMC1lY2FhLTExZTYtOGY4OC0zNDM2M2JjN2M0YzAiOnsiY3JlYXRlIjozMDAwMDAwMDAwMDAsImRlbGV0ZSI6MzAwMDAwMDAwMDAwLCJyZWFkIjozMDAwMDAwMDAwMDAsInVwZGF0ZSI6MzAwMDAwMDAwMDAwfX0=",
          "dependencies": [
            "module.artifacts.data.archive_file.source_googlesearch",
            "module.artifacts.google_storage_bucket.source",
            "module.artifacts.google_storage_bucket_object.source_googlesearch",
            "module.example.google_service_account.function"
          ]
        }
      ]
    },
    {
      "module": "module.example",
      "mode": "managed",
      "type": "google_cloudfunctions_function",
      "name": "redbubble",
      "provider": "module.example.provider[\"registry.terraform.io/hashicorp/google\"]",
      "instances": [
        {
          "schema_version": 0,
          "attributes": {
            "available_memory_mb": 1024,
            "build_environment_variables": null,
            "description": "",
            "entry_point": "main",
            "environment_variables": {
              "ENTITY": "extract",
              "ENVIRONMENT": "dev",
              "PROJECT": "torbjorn-zetterlund"
            },
            "event_trigger": [],
            "https_trigger_url": "https://us-central1-torbjorn-zetterlund.cloudfunctions.net/gpiipr_extract_dev_redbubble",
            "id": "projects/torbjorn-zetterlund/locations/us-central1/functions/gpiipr_extract_dev_redbubble",
            "ingress_settings": "ALLOW_ALL",
            "labels": null,
            "max_instances": 0,
            "name": "gpiipr_extract_dev_redbubble",
            "project": "torbjorn-zetterlund",
            "region": "us-central1",
            "runtime": "python37",
            "service_account_email": "gpiipr-extract-dev@torbjorn-zetterlund.iam.gserviceaccount.com",
            "source_archive_bucket": "torbjorn-zetterlund-gpiipr-source",
            "source_archive_object": "gpiipr-testing-de23c777bcb8de05970800750b6af0ad_redbubble.zip",
            "source_repository": [],
            "timeout": 540,
            "timeouts": null,
            "trigger_http": true,
            "vpc_connector": "",
            "vpc_connector_egress_settings": ""
          },
          "sensitive_attributes": [],
          "private": "eyJlMmJmYjczMC1lY2FhLTExZTYtOGY4OC0zNDM2M2JjN2M0YzAiOnsiY3JlYXRlIjozMDAwMDAwMDAwMDAsImRlbGV0ZSI6MzAwMDAwMDAwMDAwLCJyZWFkIjozMDAwMDAwMDAwMDAsInVwZGF0ZSI6MzAwMDAwMDAwMDAwfX0=",
          "dependencies": [
            "module.artifacts.data.archive_file.source_redbubble",
            "module.artifacts.google_storage_bucket.source",
            "module.artifacts.google_storage_bucket_object.source_redbubble",
            "module.example.google_service_account.function"
          ]
        }
      ]
    },
    {
      "module": "module.example",
      "mode": "managed",
      "type": "google_cloudfunctions_function",
      "name": "spreadshirt",
      "provider": "module.example.provider[\"registry.terraform.io/hashicorp/google\"]",
      "instances": [
        {
          "schema_version": 0,
          "attributes": {
            "available_memory_mb": 1024,
            "build_environment_variables": null,
            "description": "",
            "entry_point": "main",
            "environment_variables": {
              "ENTITY": "extract",
              "ENVIRONMENT": "dev",
              "PROJECT": "torbjorn-zetterlund"
            },
            "event_trigger": [],
            "https_trigger_url": "https://us-central1-torbjorn-zetterlund.cloudfunctions.net/gpiipr_extract_dev_spreadshirt",
            "id": "projects/torbjorn-zetterlund/locations/us-central1/functions/gpiipr_extract_dev_spreadshirt",
            "ingress_settings": "ALLOW_ALL",
            "labels": null,
            "max_instances": 0,
            "name": "gpiipr_extract_dev_spreadshirt",
            "project": "torbjorn-zetterlund",
            "region": "us-central1",
            "runtime": "python37",
            "service_account_email": "gpiipr-extract-dev@torbjorn-zetterlund.iam.gserviceaccount.com",
            "source_archive_bucket": "torbjorn-zetterlund-gpiipr-source",
            "source_archive_object": "gpiipr-testing-0c7e129041eac09a8db70c8151c3f421_spreadshit.zip",
            "source_repository": [],
            "timeout": 540,
            "timeouts": null,
            "trigger_http": true,
            "vpc_connector": "",
            "vpc_connector_egress_settings": ""
          },
          "sensitive_attributes": [],
          "private": "eyJlMmJmYjczMC1lY2FhLTExZTYtOGY4OC0zNDM2M2JjN2M0YzAiOnsiY3JlYXRlIjozMDAwMDAwMDAwMDAsImRlbGV0ZSI6MzAwMDAwMDAwMDAwLCJyZWFkIjozMDAwMDAwMDAwMDAsInVwZGF0ZSI6MzAwMDAwMDAwMDAwfX0=",
          "dependencies": [
            "module.artifacts.data.archive_file.source_spreadshirt",
            "module.artifacts.google_storage_bucket.source",
            "module.artifacts.google_storage_bucket_object.source_spreadshirt",
            "module.example.google_service_account.function"
          ]
        }
      ]
    },
    {
      "module": "module.example",
      "mode": "managed",
      "type": "google_cloudfunctions_function",
      "name": "teepublic",
      "provider": "module.example.provider[\"registry.terraform.io/hashicorp/google\"]",
      "instances": [
        {
          "schema_version": 0,
          "attributes": {
            "available_memory_mb": 1024,
            "build_environment_variables": null,
            "description": "",
            "entry_point": "main",
            "environment_variables": {
              "ENTITY": "extract",
              "ENVIRONMENT": "dev",
              "PROJECT": "torbjorn-zetterlund"
            },
            "event_trigger": [],
            "https_trigger_url": "https://us-central1-torbjorn-zetterlund.cloudfunctions.net/gpiipr_extract_dev_teepublic",
            "id": "projects/torbjorn-zetterlund/locations/us-central1/functions/gpiipr_extract_dev_teepublic",
            "ingress_settings": "ALLOW_ALL",
            "labels": null,
            "max_instances": 0,
            "name": "gpiipr_extract_dev_teepublic",
            "project": "torbjorn-zetterlund",
            "region": "us-central1",
            "runtime": "python37",
            "service_account_email": "gpiipr-extract-dev@torbjorn-zetterlund.iam.gserviceaccount.com",
            "source_archive_bucket": "torbjorn-zetterlund-gpiipr-source",
            "source_archive_object": "gpiipr-testing-e5b9c35be2789003c8f86cb43879d237_teepublic.zip",
            "source_repository": [],
            "timeout": 540,
            "timeouts": null,
            "trigger_http": true,
            "vpc_connector": "",
            "vpc_connector_egress_settings": ""
          },
          "sensitive_attributes": [],
          "private": "eyJlMmJmYjczMC1lY2FhLTExZTYtOGY4OC0zNDM2M2JjN2M0YzAiOnsiY3JlYXRlIjozMDAwMDAwMDAwMDAsImRlbGV0ZSI6MzAwMDAwMDAwMDAwLCJyZWFkIjozMDAwMDAwMDAwMDAsInVwZGF0ZSI6MzAwMDAwMDAwMDAwfX0=",
          "dependencies": [
            "module.artifacts.data.archive_file.source_teepublic",
            "module.artifacts.google_storage_bucket.source",
            "module.artifacts.google_storage_bucket_object.source_teepublic",
            "module.example.google_service_account.function"
          ]
        }
      ]
    },
    {
      "module": "module.example",
      "mode": "managed",
      "type": "google_project_iam_member",
      "name": "cloud_build",
      "provider": "module.example.provider[\"registry.terraform.io/hashicorp/google\"]",
      "instances": [
        {
          "schema_version": 0,
          "attributes": {
            "condition": [],
            "etag": "BwXFgVqhyOY=",
            "id": "torbjorn-zetterlund/roles/cloudbuild.builds.builder/serviceAccount:gpiipr-extract-dev@torbjorn-zetterlund.iam.gserviceaccount.com",
            "member": "serviceAccount:gpiipr-extract-dev@torbjorn-zetterlund.iam.gserviceaccount.com",
            "project": "torbjorn-zetterlund",
            "role": "roles/cloudbuild.builds.builder"
          },
          "sensitive_attributes": [],
          "private": "bnVsbA==",
          "dependencies": [
            "module.example.google_service_account.function"
          ]
        }
      ]
    },
    {
      "module": "module.example",
      "mode": "managed",
      "type": "google_project_iam_member",
      "name": "cloud_function_invoker",
      "provider": "module.example.provider[\"registry.terraform.io/hashicorp/google\"]",
      "instances": [
        {
          "schema_version": 0,
          "attributes": {
            "condition": [],
            "etag": "BwXFgVu6TzQ=",
            "id": "torbjorn-zetterlund/roles/cloudfunctions.invoker/serviceAccount:gpiipr-extract-dev@torbjorn-zetterlund.iam.gserviceaccount.com",
            "member": "serviceAccount:gpiipr-extract-dev@torbjorn-zetterlund.iam.gserviceaccount.com",
            "project": "torbjorn-zetterlund",
            "role": "roles/cloudfunctions.invoker"
          },
          "sensitive_attributes": [],
          "private": "bnVsbA==",
          "dependencies": [
            "module.example.google_service_account.function"
          ]
        }
      ]
    },
    {
      "module": "module.example",
      "mode": "managed",
      "type": "google_project_iam_member",
      "name": "firebase_admin",
      "provider": "module.example.provider[\"registry.terraform.io/hashicorp/google\"]",
      "instances": [
        {
          "schema_version": 0,
          "attributes": {
            "condition": [],
            "etag": "BwXFgV+Q66I=",
            "id": "torbjorn-zetterlund/roles/firebase.admin/serviceAccount:gpiipr-extract-dev@torbjorn-zetterlund.iam.gserviceaccount.com",
            "member": "serviceAccount:gpiipr-extract-dev@torbjorn-zetterlund.iam.gserviceaccount.com",
            "project": "torbjorn-zetterlund",
            "role": "roles/firebase.admin"
          },
          "sensitive_attributes": [],
          "private": "bnVsbA==",
          "dependencies": [
            "module.example.google_service_account.function"
          ]
        }
      ]
    },
    {
      "module": "module.example",
      "mode": "managed",
      "type": "google_project_iam_member",
      "name": "function_trace",
      "provider": "module.example.provider[\"registry.terraform.io/hashicorp/google\"]",
      "instances": [
        {
          "schema_version": 0,
          "attributes": {
            "condition": [],
            "etag": "BwXFgVsw2NE=",
            "id": "torbjorn-zetterlund/roles/cloudtrace.agent/serviceAccount:gpiipr-extract-dev@torbjorn-zetterlund.iam.gserviceaccount.com",
            "member": "serviceAccount:gpiipr-extract-dev@torbjorn-zetterlund.iam.gserviceaccount.com",
            "project": "torbjorn-zetterlund",
            "role": "roles/cloudtrace.agent"
          },
          "sensitive_attributes": [],
          "private": "bnVsbA==",
          "dependencies": [
            "module.example.google_service_account.function"
          ]
        }
      ]
    },
    {
      "module": "module.example",
      "mode": "managed",
      "type": "google_project_iam_member",
      "name": "secret_manager",
      "provider": "module.example.provider[\"registry.terraform.io/hashicorp/google\"]",
      "instances": [
        {
          "schema_version": 0,
          "attributes": {
            "condition": [],
            "etag": "BwXFgVqhyOY=",
            "id": "torbjorn-zetterlund/roles/secretmanager.admin/serviceAccount:gpiipr-extract-dev@torbjorn-zetterlund.iam.gserviceaccount.com",
            "member": "serviceAccount:gpiipr-extract-dev@torbjorn-zetterlund.iam.gserviceaccount.com",
            "project": "torbjorn-zetterlund",
            "role": "roles/secretmanager.admin"
          },
          "sensitive_attributes": [],
          "private": "bnVsbA==",
          "dependencies": [
            "module.example.google_service_account.function"
          ]
        }
      ]
    },
    {
      "module": "module.example",
      "mode": "managed",
      "type": "google_service_account",
      "name": "function",
      "provider": "module.example.provider[\"registry.terraform.io/hashicorp/google\"]",
      "instances": [
        {
          "schema_version": 0,
          "attributes": {
            "account_id": "gpiipr-extract-dev",
            "description": "",
            "display_name": "IPR Function Account",
            "email": "gpiipr-extract-dev@torbjorn-zetterlund.iam.gserviceaccount.com",
            "id": "projects/torbjorn-zetterlund/serviceAccounts/gpiipr-extract-dev@torbjorn-zetterlund.iam.gserviceaccount.com",
            "name": "projects/torbjorn-zetterlund/serviceAccounts/gpiipr-extract-dev@torbjorn-zetterlund.iam.gserviceaccount.com",
            "project": "torbjorn-zetterlund",
            "timeouts": null,
            "unique_id": "100322061234400486332"
          },
          "sensitive_attributes": [],
          "private": "eyJlMmJmYjczMC1lY2FhLTExZTYtOGY4OC0zNDM2M2JjN2M0YzAiOnsiY3JlYXRlIjozMDAwMDAwMDAwMDB9fQ=="
        }
      ]
    },
    {
      "module": "module.example",
      "mode": "managed",
      "type": "google_storage_bucket",
      "name": "sink",
      "provider": "module.example.provider[\"registry.terraform.io/hashicorp/google\"]",
      "instances": [
        {
          "schema_version": 0,
          "attributes": {
            "bucket_policy_only": true,
            "cors": [],
            "default_event_based_hold": false,
            "encryption": [],
            "force_destroy": false,
            "id": "gpiipr-extract-dev",
            "labels": {
              "app": "gpiipr",
              "component": "data",
              "entity": "extract",
              "environment": "dev"
            },
            "lifecycle_rule": [
              {
                "action": [
                  {
                    "storage_class": "NEARLINE",
                    "type": "SetStorageClass"
                  }
                ],
                "condition": [
                  {
                    "age": null,
                    "created_before": "",
                    "custom_time_before": "",
                    "days_since_custom_time": null,
                    "days_since_noncurrent_time": null,
                    "matches_storage_class": [],
                    "noncurrent_time_before": "",
                    "num_newer_versions": 1,
                    "with_state": "ARCHIVED"
                  }
                ]
              },
              {
                "action": [
                  {
                    "storage_class": "COLDLINE",
                    "type": "SetStorageClass"
                  }
                ],
                "condition": [
                  {
                    "age": null,
                    "created_before": "",
                    "custom_time_before": "",
                    "days_since_custom_time": null,
                    "days_since_noncurrent_time": null,
                    "matches_storage_class": [],
                    "noncurrent_time_before": "",
                    "num_newer_versions": 7,
                    "with_state": "ARCHIVED"
                  }
                ]
              },
              {
                "action": [
                  {
                    "storage_class": "",
                    "type": "Delete"
                  }
                ],
                "condition": [
                  {
                    "age": 365,
                    "created_before": "",
                    "custom_time_before": "",
                    "days_since_custom_time": null,
                    "days_since_noncurrent_time": null,
                    "matches_storage_class": [],
                    "noncurrent_time_before": "",
                    "num_newer_versions": 1,
                    "with_state": "ARCHIVED"
                  }
                ]
              }
            ],
            "location": "EU",
            "logging": [],
            "name": "gpiipr-extract-dev",
            "project": "torbjorn-zetterlund",
            "requester_pays": false,
            "retention_policy": [],
            "self_link": "https://www.googleapis.com/storage/v1/b/gpiipr-extract-dev",
            "storage_class": "STANDARD",
            "uniform_bucket_level_access": true,
            "url": "gs://gpiipr-extract-dev",
            "versioning": [
              {
                "enabled": true
              }
            ],
            "website": []
          },
          "sensitive_attributes": [],
          "private": "bnVsbA=="
        }
      ]
    },
    {
      "module": "module.example",
      "mode": "managed",
      "type": "google_storage_bucket_iam_member",
      "name": "legacyBucketWriter",
      "provider": "module.example.provider[\"registry.terraform.io/hashicorp/google\"]",
      "instances": [
        {
          "schema_version": 0,
          "attributes": {
            "bucket": "b/gpiipr-extract-dev",
            "condition": [],
            "etag": "CAI=",
            "id": "b/gpiipr-extract-dev/roles/storage.legacyBucketWriter/serviceAccount:gpiipr-extract-dev@torbjorn-zetterlund.iam.gserviceaccount.com",
            "member": "serviceAccount:gpiipr-extract-dev@torbjorn-zetterlund.iam.gserviceaccount.com",
            "role": "roles/storage.legacyBucketWriter"
          },
          "sensitive_attributes": [],
          "private": "bnVsbA==",
          "dependencies": [
            "module.example.google_service_account.function",
            "module.example.google_storage_bucket.sink"
          ]
        }
      ]
    }
  ]
}
